{
  "originHash" : "41d208447093bdb2736b1f9b6d14b6b1efd860873f95afbe16d08f59d64329fb",
  "pins" : [
    {
      "identity" : "swift-chess",
      "kind" : "remoteSourceControl",
      "location" : "https://github.com/dpedley/swift-chess.git",
      "state" : {
        "revision" : "14d9d982c8a509efcfebf696c140b0ec397daf40",
        "version" : "1.0.8"
      }
    },
    {
      "identity" : "swift-log",
      "kind" : "remoteSourceControl",
      "location" : "https://github.com/apple/swift-log.git",
      "state" : {
        "revision" : "e97a6fcb1ab07462881ac165fdbb37f067e205d5",
        "version" : "1.5.4"
      }
    }
  ],
  "version" : 3
}
