{
  "originHash" : "4c80a9353adfc777c592a419e368acac49247b9131b8c367f84ea1ccce10f209", 
  "pins" : [
    {
      "identity" : "chesskit-engine",
      "kind" : "remoteSourceControl",
      "location" : "https://github.com/chesskit-app/chesskit-engine",
      "state" : {
        "revision" : "84b9687a5a2316b984d8079e83493c28ed4d73d5",
        "version" : "0.2.2"
      }
    },
    {
      "identity" : "chesskit-swift",
      "kind" : "remoteSourceControl",
      "location" : "https://github.com/chesskit-app/chesskit-swift",
      "state" : {
        "revision" : "9cbbd3cc6a0df9037a1c72ccdd538d8b32559a25",
        "version" : "0.3.2"
      }
    },
    {
      "identity" : "swift-chess",
      "kind" : "remoteSourceControl",
      "location" : "https://github.com/dpedley/swift-chess.git",
      "state" : {
        "revision" : "14d9d982c8a509efcfebf696c140b0ec397daf40",
        "version" : "1.0.8"
      }
    },
    {
      "identity" : "swift-log",
      "kind" : "remoteSourceControl",
      "location" : "https://github.com/apple/swift-log.git",
      "state" : {
        "revision" : "e97a6fcb1ab07462881ac165fdbb37f067e205d5",
        "version" : "1.5.4"
      }
    }
  ],
  "version" : 3
}
