// !$*UTF8*$!
{
	archiveVersion = 1;
	classes = {
	};
	objectVersion = 56;
	objects = {

/* Begin PBXBuildFile section */
		20C76B272B7A697D00423431 /* PokerSenseiApp.swift in Sources */ = {isa = PBXBuildFile; fileRef = 20C76B262B7A697D00423431 /* PokerSenseiApp.swift */; };
		20C76B292B7A697D00423431 /* ContentView.swift in Sources */ = {isa = PBXBuildFile; fileRef = 20C76B282B7A697D00423431 /* ContentView.swift */; };
		20C76B2B2B7A698000423431 /* Assets.xcassets in Resources */ = {isa = PBXBuildFile; fileRef = 20C76B2A2B7A698000423431 /* Assets.xcassets */; };
		20C76B2E2B7A698000423431 /* Preview Assets.xcassets in Resources */ = {isa = PBXBuildFile; fileRef = 20C76B2D2B7A698000423431 /* Preview Assets.xcassets */; };
		20C76B382B7A698100423431 /* PokerSenseiTests.swift in Sources */ = {isa = PBXBuildFile; fileRef = 20C76B372B7A698100423431 /* PokerSenseiTests.swift */; };
		20C76B422B7A698100423431 /* PokerSenseiUITests.swift in Sources */ = {isa = PBXBuildFile; fileRef = 20C76B412B7A698100423431 /* PokerSenseiUITests.swift */; };
		20C76B442B7A698100423431 /* PokerSenseiUITestsLaunchTests.swift in Sources */ = {isa = PBXBuildFile; fileRef = 20C76B432B7A698100423431 /* PokerSenseiUITestsLaunchTests.swift */; };
		E192C4CB2B7A75D300E63167 /* app_birth.swift in Sources */ = {isa = PBXBuildFile; fileRef = E192C4CA2B7A75D300E63167 /* app_birth.swift */; };
/* End PBXBuildFile section */

/* Begin PBXContainerItemProxy section */
		20C76B342B7A698100423431 /* PBXContainerItemProxy */ = {
			isa = PBXContainerItemProxy;
			containerPortal = 20C76B1B2B7A697D00423431 /* Project object */;
			proxyType = 1;
			remoteGlobalIDString = 20C76B222B7A697D00423431;
			remoteInfo = PokerSensei;
		};
		20C76B3E2B7A698100423431 /* PBXContainerItemProxy */ = {
			isa = PBXContainerItemProxy;
			containerPortal = 20C76B1B2B7A697D00423431 /* Project object */;
			proxyType = 1;
			remoteGlobalIDString = 20C76B222B7A697D00423431;
			remoteInfo = PokerSensei;
		};
/* End PBXContainerItemProxy section */

/* Begin PBXFileReference section */
		20C76B232B7A697D00423431 /* PokerSensei.app */ = {isa = PBXFileReference; explicitFileType = wrapper.application; includeInIndex = 0; path = PokerSensei.app; sourceTree = BUILT_PRODUCTS_DIR; };
		20C76B262B7A697D00423431 /* PokerSenseiApp.swift */ = {isa = PBXFileReference; lastKnownFileType = sourcecode.swift; path = PokerSenseiApp.swift; sourceTree = "<group>"; };
		20C76B282B7A697D00423431 /* ContentView.swift */ = {isa = PBXFileReference; lastKnownFileType = sourcecode.swift; path = ContentView.swift; sourceTree = "<group>"; };
		20C76B2A2B7A698000423431 /* Assets.xcassets */ = {isa = PBXFileReference; lastKnownFileType = folder.assetcatalog; path = Assets.xcassets; sourceTree = "<group>"; };
		20C76B2D2B7A698000423431 /* Preview Assets.xcassets */ = {isa = PBXFileReference; lastKnownFileType = folder.assetcatalog; path = "Preview Assets.xcassets"; sourceTree = "<group>"; };
		20C76B332B7A698100423431 /* PokerSenseiTests.xctest */ = {isa = PBXFileReference; explicitFileType = wrapper.cfbundle; includeInIndex = 0; path = PokerSenseiTests.xctest; sourceTree = BUILT_PRODUCTS_DIR; };
		20C76B372B7A698100423431 /* PokerSenseiTests.swift */ = {isa = PBXFileReference; lastKnownFileType = sourcecode.swift; path = PokerSenseiTests.swift; sourceTree = "<group>"; };
		20C76B3D2B7A698100423431 /* PokerSenseiUITests.xctest */ = {isa = PBXFileReference; explicitFileType = wrapper.cfbundle; includeInIndex = 0; path = PokerSenseiUITests.xctest; sourceTree = BUILT_PRODUCTS_DIR; };
		20C76B412B7A698100423431 /* PokerSenseiUITests.swift */ = {isa = PBXFileReference; lastKnownFileType = sourcecode.swift; path = PokerSenseiUITests.swift; sourceTree = "<group>"; };
		20C76B432B7A698100423431 /* PokerSenseiUITestsLaunchTests.swift */ = {isa = PBXFileReference; lastKnownFileType = sourcecode.swift; path = PokerSenseiUITestsLaunchTests.swift; sourceTree = "<group>"; };
		E192C4CA2B7A75D300E63167 /* app_birth.swift */ = {isa = PBXFileReference; lastKnownFileType = sourcecode.swift; path = app_birth.swift; sourceTree = "<group>"; };
/* End PBXFileReference section */

/* Begin PBXFrameworksBuildPhase section */
		20C76B202B7A697D00423431 /* Frameworks */ = {
			isa = PBXFrameworksBuildPhase;
			buildActionMask = 2147483647;
			files = (
			);
			runOnlyForDeploymentPostprocessing = 0;
		};
		20C76B302B7A698100423431 /* Frameworks */ = {
			isa = PBXFrameworksBuildPhase;
			buildActionMask = 2147483647;
			files = (
			);
			runOnlyForDeploymentPostprocessing = 0;
		};
		20C76B3A2B7A698100423431 /* Frameworks */ = {
			isa = PBXFrameworksBuildPhase;
			buildActionMask = 2147483647;
			files = (
			);
			runOnlyForDeploymentPostprocessing = 0;
		};
/* End PBXFrameworksBuildPhase section */

/* Begin PBXGroup section */
		20C76B1A2B7A697D00423431 = {
			isa = PBXGroup;
			children = (
				20C76B252B7A697D00423431 /* PokerSensei */,
				20C76B362B7A698100423431 /* PokerSenseiTests */,
				20C76B402B7A698100423431 /* PokerSenseiUITests */,
				20C76B242B7A697D00423431 /* Products */,
			);
			sourceTree = "<group>";
		};
		20C76B242B7A697D00423431 /* Products */ = {
			isa = PBXGroup;
			children = (
				20C76B232B7A697D00423431 /* PokerSensei.app */,
				20C76B332B7A698100423431 /* PokerSenseiTests.xctest */,
				20C76B3D2B7A698100423431 /* PokerSenseiUITests.xctest */,
			);
			name = Products;
			sourceTree = "<group>";
		};
		20C76B252B7A697D00423431 /* PokerSensei */ = {
			isa = PBXGroup;
			children = (
				20C76B262B7A697D00423431 /* PokerSenseiApp.swift */,
				20C76B282B7A697D00423431 /* ContentView.swift */,
				20C76B2A2B7A698000423431 /* Assets.xcassets */,
				20C76B2C2B7A698000423431 /* Preview Content */,
			);
			path = PokerSensei;
			sourceTree = "<group>";
		};
		20C76B2C2B7A698000423431 /* Preview Content */ = {
			isa = PBXGroup;
			children = (
				20C76B2D2B7A698000423431 /* Preview Assets.xcassets */,
			);
			path = "Preview Content";
			sourceTree = "<group>";
		};
		20C76B362B7A698100423431 /* PokerSenseiTests */ = {
			isa = PBXGroup;
			children = (
				20C76B372B7A698100423431 /* PokerSenseiTests.swift */,
				E192C4CA2B7A75D300E63167 /* app_birth.swift */,
			);
			path = PokerSenseiTests;
			sourceTree = "<group>";
		};
		20C76B402B7A698100423431 /* PokerSenseiUITests */ = {
			isa = PBXGroup;
			children = (
				20C76B412B7A698100423431 /* PokerSenseiUITests.swift */,
				20C76B432B7A698100423431 /* PokerSenseiUITestsLaunchTests.swift */,
			);
			path = PokerSenseiUITests;
			sourceTree = "<group>";
		};
/* End PBXGroup section */

/* Begin PBXNativeTarget section */
		20C76B222B7A697D00423431 /* PokerSensei */ = {
			isa = PBXNativeTarget;
			buildConfigurationList = 20C76B472B7A698100423431 /* Build configuration list for PBXNativeTarget "PokerSensei" */;
			buildPhases = (
				20C76B1F2B7A697D00423431 /* Sources */,
				20C76B202B7A697D00423431 /* Frameworks */,
				20C76B212B7A697D00423431 /* Resources */,
			);
			buildRules = (
			);
			dependencies = (
			);
			name = PokerSensei;
			productName = PokerSensei;
			productReference = 20C76B232B7A697D00423431 /* PokerSensei.app */;
			productType = "com.apple.product-type.application";
		};
		20C76B322B7A698100423431 /* PokerSenseiTests */ = {
			isa = PBXNativeTarget;
			buildConfigurationList = 20C76B4A2B7A698100423431 /* Build configuration list for PBXNativeTarget "PokerSenseiTests" */;
			buildPhases = (
				20C76B2F2B7A698100423431 /* Sources */,
				20C76B302B7A698100423431 /* Frameworks */,
				20C76B312B7A698100423431 /* Resources */,
			);
			buildRules = (
			);
			dependencies = (
				20C76B352B7A698100423431 /* PBXTargetDependency */,
			);
			name = PokerSenseiTests;
			productName = PokerSenseiTests;
			productReference = 20C76B332B7A698100423431 /* PokerSenseiTests.xctest */;
			productType = "com.apple.product-type.bundle.unit-test";
		};
		20C76B3C2B7A698100423431 /* PokerSenseiUITests */ = {
			isa = PBXNativeTarget;
			buildConfigurationList = 20C76B4D2B7A698100423431 /* Build configuration list for PBXNativeTarget "PokerSenseiUITests" */;
			buildPhases = (
				20C76B392B7A698100423431 /* Sources */,
				20C76B3A2B7A698100423431 /* Frameworks */,
				20C76B3B2B7A698100423431 /* Resources */,
			);
			buildRules = (
			);
			dependencies = (
				20C76B3F2B7A698100423431 /* PBXTargetDependency */,
			);
			name = PokerSenseiUITests;
			productName = PokerSenseiUITests;
			productReference = 20C76B3D2B7A698100423431 /* PokerSenseiUITests.xctest */;
			productType = "com.apple.product-type.bundle.ui-testing";
		};
/* End PBXNativeTarget section */

/* Begin PBXProject section */
		20C76B1B2B7A697D00423431 /* Project object */ = {
			isa = PBXProject;
			attributes = {
				BuildIndependentTargetsInParallel = 1;
				LastSwiftUpdateCheck = 1520;
				LastUpgradeCheck = 1520;
				TargetAttributes = {
					20C76B222B7A697D00423431 = {
						CreatedOnToolsVersion = 15.2;
					};
					20C76B322B7A698100423431 = {
						CreatedOnToolsVersion = 15.2;
						TestTargetID = 20C76B222B7A697D00423431;
					};
					20C76B3C2B7A698100423431 = {
						CreatedOnToolsVersion = 15.2;
						TestTargetID = 20C76B222B7A697D00423431;
					};
				};
			};
			buildConfigurationList = 20C76B1E2B7A697D00423431 /* Build configuration list for PBXProject "PokerSensei" */;
			compatibilityVersion = "Xcode 14.0";
			developmentRegion = en;
			hasScannedForEncodings = 0;
			knownRegions = (
				en,
				Base,
			);
			mainGroup = 20C76B1A2B7A697D00423431;
			productRefGroup = 20C76B242B7A697D00423431 /* Products */;
			projectDirPath = "";
			projectRoot = "";
			targets = (
				20C76B222B7A697D00423431 /* PokerSensei */,
				20C76B322B7A698100423431 /* PokerSenseiTests */,
				20C76B3C2B7A698100423431 /* PokerSenseiUITests */,
			);
		};
/* End PBXProject section */

/* Begin PBXResourcesBuildPhase section */
		20C76B212B7A697D00423431 /* Resources */ = {
			isa = PBXResourcesBuildPhase;
			buildActionMask = 2147483647;
			files = (
				20C76B2E2B7A698000423431 /* Preview Assets.xcassets in Resources */,
				20C76B2B2B7A698000423431 /* Assets.xcassets in Resources */,
			);
			runOnlyForDeploymentPostprocessing = 0;
		};
		20C76B312B7A698100423431 /* Resources */ = {
			isa = PBXResourcesBuildPhase;
			buildActionMask = 2147483647;
			files = (
			);
			runOnlyForDeploymentPostprocessing = 0;
		};
		20C76B3B2B7A698100423431 /* Resources */ = {
			isa = PBXResourcesBuildPhase;
			buildActionMask = 2147483647;
			files = (
			);
			runOnlyForDeploymentPostprocessing = 0;
		};
/* End PBXResourcesBuildPhase section */

/* Begin PBXSourcesBuildPhase section */
		20C76B1F2B7A697D00423431 /* Sources */ = {
			isa = PBXSourcesBuildPhase;
			buildActionMask = 2147483647;
			files = (
				20C76B292B7A697D00423431 /* ContentView.swift in Sources */,
				20C76B272B7A697D00423431 /* PokerSenseiApp.swift in Sources */,
			);
			runOnlyForDeploymentPostprocessing = 0;
		};
		20C76B2F2B7A698100423431 /* Sources */ = {
			isa = PBXSourcesBuildPhase;
			buildActionMask = 2147483647;
			files = (
				20C76B382B7A698100423431 /* PokerSenseiTests.swift in Sources */,
				E192C4CB2B7A75D300E63167 /* app_birth.swift in Sources */,
			);
			runOnlyForDeploymentPostprocessing = 0;
		};
		20C76B392B7A698100423431 /* Sources */ = {
			isa = PBXSourcesBuildPhase;
			buildActionMask = 2147483647;
			files = (
				20C76B422B7A698100423431 /* PokerSenseiUITests.swift in Sources */,
				20C76B442B7A698100423431 /* PokerSenseiUITestsLaunchTests.swift in Sources */,
			);
			runOnlyForDeploymentPostprocessing = 0;
		};
/* End PBXSourcesBuildPhase section */

/* Begin PBXTargetDependency section */
		20C76B352B7A698100423431 /* PBXTargetDependency */ = {
			isa = PBXTargetDependency;
			target = 20C76B222B7A697D00423431 /* PokerSensei */;
			targetProxy = 20C76B342B7A698100423431 /* PBXContainerItemProxy */;
		};
		20C76B3F2B7A698100423431 /* PBXTargetDependency */ = {
			isa = PBXTargetDependency;
			target = 20C76B222B7A697D00423431 /* PokerSensei */;
			targetProxy = 20C76B3E2B7A698100423431 /* PBXContainerItemProxy */;
		};
/* End PBXTargetDependency section */

/* Begin XCBuildConfiguration section */
		20C76B452B7A698100423431 /* Debug */ = {
			isa = XCBuildConfiguration;
			buildSettings = {
				ALWAYS_SEARCH_USER_PATHS = NO;
				ASSETCATALOG_COMPILER_GENERATE_SWIFT_ASSET_SYMBOL_EXTENSIONS = YES;
				CLANG_ANALYZER_NONNULL = YES;
				CLANG_ANALYZER_NUMBER_OBJECT_CONVERSION = YES_AGGRESSIVE;
				CLANG_CXX_LANGUAGE_STANDARD = "gnu++20";
				CLANG_ENABLE_MODULES = YES;
				CLANG_ENABLE_OBJC_ARC = YES;
				CLANG_ENABLE_OBJC_WEAK = YES;
				CLANG_WARN_BLOCK_CAPTURE_AUTORELEASING = YES;
				CLANG_WARN_BOOL_CONVERSION = YES;
				CLANG_WARN_COMMA = YES;
				CLANG_WARN_CONSTANT_CONVERSION = YES;
				CLANG_WARN_DEPRECATED_OBJC_IMPLEMENTATIONS = YES;
				CLANG_WARN_DIRECT_OBJC_ISA_USAGE = YES_ERROR;
				CLANG_WARN_DOCUMENTATION_COMMENTS = YES;
				CLANG_WARN_EMPTY_BODY = YES;
				CLANG_WARN_ENUM_CONVERSION = YES;
				CLANG_WARN_INFINITE_RECURSION = YES;
				CLANG_WARN_INT_CONVERSION = YES;
				CLANG_WARN_NON_LITERAL_NULL_CONVERSION = YES;
				CLANG_WARN_OBJC_IMPLICIT_RETAIN_SELF = YES;
				CLANG_WARN_OBJC_LITERAL_CONVERSION = YES;
				CLANG_WARN_OBJC_ROOT_CLASS = YES_ERROR;
				CLANG_WARN_QUOTED_INCLUDE_IN_FRAMEWORK_HEADER = YES;
				CLANG_WARN_RANGE_LOOP_ANALYSIS = YES;
				CLANG_WARN_STRICT_PROTOTYPES = YES;
				CLANG_WARN_SUSPICIOUS_MOVE = YES;
				CLANG_WARN_UNGUARDED_AVAILABILITY = YES_AGGRESSIVE;
				CLANG_WARN_UNREACHABLE_CODE = YES;
				CLANG_WARN__DUPLICATE_METHOD_MATCH = YES;
				COPY_PHASE_STRIP = NO;
				DEBUG_INFORMATION_FORMAT = dwarf;
				ENABLE_STRICT_OBJC_MSGSEND = YES;
				ENABLE_TESTABILITY = YES;
				ENABLE_USER_SCRIPT_SANDBOXING = YES;
				GCC_C_LANGUAGE_STANDARD = gnu17;
				GCC_DYNAMIC_NO_PIC = NO;
				GCC_NO_COMMON_BLOCKS = YES;
				GCC_OPTIMIZATION_LEVEL = 0;
				GCC_PREPROCESSOR_DEFINITIONS = (
					"DEBUG=1",
					"$(inherited)",
				);
				GCC_WARN_64_TO_32_BIT_CONVERSION = YES;
				GCC_WARN_ABOUT_RETURN_TYPE = YES_ERROR;
				GCC_WARN_UNDECLARED_SELECTOR = YES;
				GCC_WARN_UNINITIALIZED_AUTOS = YES_AGGRESSIVE;
				GCC_WARN_UNUSED_FUNCTION = YES;
				GCC_WARN_UNUSED_VARIABLE = YES;
				IPHONEOS_DEPLOYMENT_TARGET = 17.2;
				LOCALIZATION_PREFERS_STRING_CATALOGS = YES;
				MTL_ENABLE_DEBUG_INFO = INCLUDE_SOURCE;
				MTL_FAST_MATH = YES;
				ONLY_ACTIVE_ARCH = YES;
				SDKROOT = iphoneos;
				SWIFT_ACTIVE_COMPILATION_CONDITIONS = "DEBUG $(inherited)";
				SWIFT_OPTIMIZATION_LEVEL = "-Onone";
			};
			name = Debug;
		};
		20C76B462B7A698100423431 /* Release */ = {
			isa = XCBuildConfiguration;
			buildSettings = {
				ALWAYS_SEARCH_USER_PATHS = NO;
				ASSETCATALOG_COMPILER_GENERATE_SWIFT_ASSET_SYMBOL_EXTENSIONS = YES;
				CLANG_ANALYZER_NONNULL = YES;
				CLANG_ANALYZER_NUMBER_OBJECT_CONVERSION = YES_AGGRESSIVE;
				CLANG_CXX_LANGUAGE_STANDARD = "gnu++20";
				CLANG_ENABLE_MODULES = YES;
				CLANG_ENABLE_OBJC_ARC = YES;
				CLANG_ENABLE_OBJC_WEAK = YES;
				CLANG_WARN_BLOCK_CAPTURE_AUTORELEASING = YES;
				CLANG_WARN_BOOL_CONVERSION = YES;
				CLANG_WARN_COMMA = YES;
				CLANG_WARN_CONSTANT_CONVERSION = YES;
				CLANG_WARN_DEPRECATED_OBJC_IMPLEMENTATIONS = YES;
				CLANG_WARN_DIRECT_OBJC_ISA_USAGE = YES_ERROR;
				CLANG_WARN_DOCUMENTATION_COMMENTS = YES;
				CLANG_WARN_EMPTY_BODY = YES;
				CLANG_WARN_ENUM_CONVERSION = YES;
				CLANG_WARN_INFINITE_RECURSION = YES;
				CLANG_WARN_INT_CONVERSION = YES;
				CLANG_WARN_NON_LITERAL_NULL_CONVERSION = YES;
				CLANG_WARN_OBJC_IMPLICIT_RETAIN_SELF = YES;
				CLANG_WARN_OBJC_LITERAL_CONVERSION = YES;
				CLANG_WARN_OBJC_ROOT_CLASS = YES_ERROR;
				CLANG_WARN_QUOTED_INCLUDE_IN_FRAMEWORK_HEADER = YES;
				CLANG_WARN_RANGE_LOOP_ANALYSIS = YES;
				CLANG_WARN_STRICT_PROTOTYPES = YES;
				CLANG_WARN_SUSPICIOUS_MOVE = YES;
				CLANG_WARN_UNGUARDED_AVAILABILITY = YES_AGGRESSIVE;
				CLANG_WARN_UNREACHABLE_CODE = YES;
				CLANG_WARN__DUPLICATE_METHOD_MATCH = YES;
				COPY_PHASE_STRIP = NO;
				DEBUG_INFORMATION_FORMAT = "dwarf-with-dsym";
				ENABLE_NS_ASSERTIONS = NO;
				ENABLE_STRICT_OBJC_MSGSEND = YES;
				ENABLE_USER_SCRIPT_SANDBOXING = YES;
				GCC_C_LANGUAGE_STANDARD = gnu17;
				GCC_NO_COMMON_BLOCKS = YES;
				GCC_WARN_64_TO_32_BIT_CONVERSION = YES;
				GCC_WARN_ABOUT_RETURN_TYPE = YES_ERROR;
				GCC_WARN_UNDECLARED_SELECTOR = YES;
				GCC_WARN_UNINITIALIZED_AUTOS = YES_AGGRESSIVE;
				GCC_WARN_UNUSED_FUNCTION = YES;
				GCC_WARN_UNUSED_VARIABLE = YES;
				IPHONEOS_DEPLOYMENT_TARGET = 17.2;
				LOCALIZATION_PREFERS_STRING_CATALOGS = YES;
				MTL_ENABLE_DEBUG_INFO = NO;
				MTL_FAST_MATH = YES;
				SDKROOT = iphoneos;
				SWIFT_COMPILATION_MODE = wholemodule;
				VALIDATE_PRODUCT = YES;
			};
			name = Release;
		};
		20C76B482B7A698100423431 /* Debug */ = {
			isa = XCBuildConfiguration;
			buildSettings = {
				ASSETCATALOG_COMPILER_APPICON_NAME = AppIcon;
				ASSETCATALOG_COMPILER_GLOBAL_ACCENT_COLOR_NAME = AccentColor;
				CODE_SIGN_STYLE = Automatic;
				CURRENT_PROJECT_VERSION = 1;
				DEVELOPMENT_ASSET_PATHS = "\"PokerSensei/Preview Content\"";
				DEVELOPMENT_TEAM = M68AS3YXU5;
				ENABLE_PREVIEWS = YES;
				GENERATE_INFOPLIST_FILE = YES;
				INFOPLIST_KEY_UIApplicationSceneManifest_Generation = YES;
				INFOPLIST_KEY_UIApplicationSupportsIndirectInputEvents = YES;
				INFOPLIST_KEY_UILaunchScreen_Generation = YES;
				INFOPLIST_KEY_UISupportedInterfaceOrientations_iPad = "UIInterfaceOrientationPortrait UIInterfaceOrientationPortraitUpsideDown UIInterfaceOrientationLandscapeLeft UIInterfaceOrientationLandscapeRight";
				INFOPLIST_KEY_UISupportedInterfaceOrientations_iPhone = "UIInterfaceOrientationPortrait UIInterfaceOrientationLandscapeLeft UIInterfaceOrientationLandscapeRight";
				LD_RUNPATH_SEARCH_PATHS = (
					"$(inherited)",
					"@executable_path/Frameworks",
				);
				MARKETING_VERSION = 1.0;
				PRODUCT_BUNDLE_IDENTIFIER = tamu.PokerSensei;
				PRODUCT_NAME = "$(TARGET_NAME)";
				SWIFT_EMIT_LOC_STRINGS = YES;
				SWIFT_VERSION = 5.0;
				TARGETED_DEVICE_FAMILY = "1,2";
			};
			name = Debug;
		};
		20C76B492B7A698100423431 /* Release */ = {
			isa = XCBuildConfiguration;
			buildSettings = {
				ASSETCATALOG_COMPILER_APPICON_NAME = AppIcon;
				ASSETCATALOG_COMPILER_GLOBAL_ACCENT_COLOR_NAME = AccentColor;
				CODE_SIGN_STYLE = Automatic;
				CURRENT_PROJECT_VERSION = 1;
				DEVELOPMENT_ASSET_PATHS = "\"PokerSensei/Preview Content\"";
				DEVELOPMENT_TEAM = M68AS3YXU5;
				ENABLE_PREVIEWS = YES;
				GENERATE_INFOPLIST_FILE = YES;
				INFOPLIST_KEY_UIApplicationSceneManifest_Generation = YES;
				INFOPLIST_KEY_UIApplicationSupportsIndirectInputEvents = YES;
				INFOPLIST_KEY_UILaunchScreen_Generation = YES;
				INFOPLIST_KEY_UISupportedInterfaceOrientations_iPad = "UIInterfaceOrientationPortrait UIInterfaceOrientationPortraitUpsideDown UIInterfaceOrientationLandscapeLeft UIInterfaceOrientationLandscapeRight";
				INFOPLIST_KEY_UISupportedInterfaceOrientations_iPhone = "UIInterfaceOrientationPortrait UIInterfaceOrientationLandscapeLeft UIInterfaceOrientationLandscapeRight";
				LD_RUNPATH_SEARCH_PATHS = (
					"$(inherited)",
					"@executable_path/Frameworks",
				);
				MARKETING_VERSION = 1.0;
				PRODUCT_BUNDLE_IDENTIFIER = tamu.PokerSensei;
				PRODUCT_NAME = "$(TARGET_NAME)";
				SWIFT_EMIT_LOC_STRINGS = YES;
				SWIFT_VERSION = 5.0;
				TARGETED_DEVICE_FAMILY = "1,2";
			};
			name = Release;
		};
		20C76B4B2B7A698100423431 /* Debug */ = {
			isa = XCBuildConfiguration;
			buildSettings = {
				ALWAYS_EMBED_SWIFT_STANDARD_LIBRARIES = YES;
				BUNDLE_LOADER = "$(TEST_HOST)";
				CODE_SIGN_STYLE = Automatic;
				CURRENT_PROJECT_VERSION = 1;
				DEVELOPMENT_TEAM = M68AS3YXU5;
				GENERATE_INFOPLIST_FILE = YES;
				IPHONEOS_DEPLOYMENT_TARGET = 17.2;
				MARKETING_VERSION = 1.0;
				PRODUCT_BUNDLE_IDENTIFIER = tamu.PokerSenseiTests;
				PRODUCT_NAME = "$(TARGET_NAME)";
				SWIFT_EMIT_LOC_STRINGS = NO;
				SWIFT_VERSION = 5.0;
				TARGETED_DEVICE_FAMILY = "1,2";
				TEST_HOST = "$(BUILT_PRODUCTS_DIR)/PokerSensei.app/$(BUNDLE_EXECUTABLE_FOLDER_PATH)/PokerSensei";
			};
			name = Debug;
		};
		20C76B4C2B7A698100423431 /* Release */ = {
			isa = XCBuildConfiguration;
			buildSettings = {
				ALWAYS_EMBED_SWIFT_STANDARD_LIBRARIES = YES;
				BUNDLE_LOADER = "$(TEST_HOST)";
				CODE_SIGN_STYLE = Automatic;
				CURRENT_PROJECT_VERSION = 1;
				DEVELOPMENT_TEAM = M68AS3YXU5;
				GENERATE_INFOPLIST_FILE = YES;
				IPHONEOS_DEPLOYMENT_TARGET = 17.2;
				MARKETING_VERSION = 1.0;
				PRODUCT_BUNDLE_IDENTIFIER = tamu.PokerSenseiTests;
				PRODUCT_NAME = "$(TARGET_NAME)";
				SWIFT_EMIT_LOC_STRINGS = NO;
				SWIFT_VERSION = 5.0;
				TARGETED_DEVICE_FAMILY = "1,2";
				TEST_HOST = "$(BUILT_PRODUCTS_DIR)/PokerSensei.app/$(BUNDLE_EXECUTABLE_FOLDER_PATH)/PokerSensei";
			};
			name = Release;
		};
		20C76B4E2B7A698100423431 /* Debug */ = {
			isa = XCBuildConfiguration;
			buildSettings = {
				ALWAYS_EMBED_SWIFT_STANDARD_LIBRARIES = YES;
				CODE_SIGN_STYLE = Automatic;
				CURRENT_PROJECT_VERSION = 1;
				GENERATE_INFOPLIST_FILE = YES;
				MARKETING_VERSION = 1.0;
				PRODUCT_BUNDLE_IDENTIFIER = tamu.PokerSenseiUITests;
				PRODUCT_NAME = "$(TARGET_NAME)";
				SWIFT_EMIT_LOC_STRINGS = NO;
				SWIFT_VERSION = 5.0;
				TARGETED_DEVICE_FAMILY = "1,2";
				TEST_TARGET_NAME = PokerSensei;
			};
			name = Debug;
		};
		20C76B4F2B7A698100423431 /* Release */ = {
			isa = XCBuildConfiguration;
			buildSettings = {
				ALWAYS_EMBED_SWIFT_STANDARD_LIBRARIES = YES;
				CODE_SIGN_STYLE = Automatic;
				CURRENT_PROJECT_VERSION = 1;
				GENERATE_INFOPLIST_FILE = YES;
				MARKETING_VERSION = 1.0;
				PRODUCT_BUNDLE_IDENTIFIER = tamu.PokerSenseiUITests;
				PRODUCT_NAME = "$(TARGET_NAME)";
				SWIFT_EMIT_LOC_STRINGS = NO;
				SWIFT_VERSION = 5.0;
				TARGETED_DEVICE_FAMILY = "1,2";
				TEST_TARGET_NAME = PokerSensei;
			};
			name = Release;
		};
/* End XCBuildConfiguration section */

/* Begin XCConfigurationList section */
		20C76B1E2B7A697D00423431 /* Build configuration list for PBXProject "PokerSensei" */ = {
			isa = XCConfigurationList;
			buildConfigurations = (
				20C76B452B7A698100423431 /* Debug */,
				20C76B462B7A698100423431 /* Release */,
			);
			defaultConfigurationIsVisible = 0;
			defaultConfigurationName = Release;
		};
		20C76B472B7A698100423431 /* Build configuration list for PBXNativeTarget "PokerSensei" */ = {
			isa = XCConfigurationList;
			buildConfigurations = (
				20C76B482B7A698100423431 /* Debug */,
				20C76B492B7A698100423431 /* Release */,
			);
			defaultConfigurationIsVisible = 0;
			defaultConfigurationName = Release;
		};
		20C76B4A2B7A698100423431 /* Build configuration list for PBXNativeTarget "PokerSenseiTests" */ = {
			isa = XCConfigurationList;
			buildConfigurations = (
				20C76B4B2B7A698100423431 /* Debug */,
				20C76B4C2B7A698100423431 /* Release */,
			);
			defaultConfigurationIsVisible = 0;
			defaultConfigurationName = Release;
		};
		20C76B4D2B7A698100423431 /* Build configuration list for PBXNativeTarget "PokerSenseiUITests" */ = {
			isa = XCConfigurationList;
			buildConfigurations = (
				20C76B4E2B7A698100423431 /* Debug */,
				20C76B4F2B7A698100423431 /* Release */,
			);
			defaultConfigurationIsVisible = 0;
			defaultConfigurationName = Release;
		};
/* End XCConfigurationList section */
	};
	rootObject = 20C76B1B2B7A697D00423431 /* Project object */;
}
