// !$*UTF8*$!
{
	archiveVersion = 1;
	classes = {
	};
	objectVersion = 56;
	objects = {

/* Begin PBXBuildFile section */
		202CD6A52B83A13F009FB1C0 /* PokerSenApp.swift in Sources */ = {isa = PBXBuildFile; fileRef = 202CD6A42B83A13F009FB1C0 /* PokerSenApp.swift */; };
		202CD6A72B83A13F009FB1C0 /* ContentView.swift in Sources */ = {isa = PBXBuildFile; fileRef = 202CD6A62B83A13F009FB1C0 /* ContentView.swift */; };
		202CD6A92B83A143009FB1C0 /* Assets.xcassets in Resources */ = {isa = PBXBuildFile; fileRef = 202CD6A82B83A143009FB1C0 /* Assets.xcassets */; };
		202CD6AC2B83A143009FB1C0 /* Preview Assets.xcassets in Resources */ = {isa = PBXBuildFile; fileRef = 202CD6AB2B83A143009FB1C0 /* Preview Assets.xcassets */; };
		202CD6B62B83A144009FB1C0 /* PokerSenTests.swift in Sources */ = {isa = PBXBuildFile; fileRef = 202CD6B52B83A144009FB1C0 /* PokerSenTests.swift */; };
		202CD6C02B83A144009FB1C0 /* PokerSenUITests.swift in Sources */ = {isa = PBXBuildFile; fileRef = 202CD6BF2B83A144009FB1C0 /* PokerSenUITests.swift */; };
		202CD6C22B83A144009FB1C0 /* PokerSenUITestsLaunchTests.swift in Sources */ = {isa = PBXBuildFile; fileRef = 202CD6C12B83A144009FB1C0 /* PokerSenUITestsLaunchTests.swift */; };
/* End PBXBuildFile section */

/* Begin PBXContainerItemProxy section */
		202CD6B22B83A144009FB1C0 /* PBXContainerItemProxy */ = {
			isa = PBXContainerItemProxy;
			containerPortal = 202CD6992B83A13F009FB1C0 /* Project object */;
			proxyType = 1;
			remoteGlobalIDString = 202CD6A02B83A13F009FB1C0;
			remoteInfo = PokerSen;
		};
		202CD6BC2B83A144009FB1C0 /* PBXContainerItemProxy */ = {
			isa = PBXContainerItemProxy;
			containerPortal = 202CD6992B83A13F009FB1C0 /* Project object */;
			proxyType = 1;
			remoteGlobalIDString = 202CD6A02B83A13F009FB1C0;
			remoteInfo = PokerSen;
		};
/* End PBXContainerItemProxy section */

/* Begin PBXFileReference section */
		202CD6A12B83A13F009FB1C0 /* PokerSen.app */ = {isa = PBXFileReference; explicitFileType = wrapper.application; includeInIndex = 0; path = PokerSen.app; sourceTree = BUILT_PRODUCTS_DIR; };
		202CD6A42B83A13F009FB1C0 /* PokerSenApp.swift */ = {isa = PBXFileReference; lastKnownFileType = sourcecode.swift; path = PokerSenApp.swift; sourceTree = "<group>"; };
		202CD6A62B83A13F009FB1C0 /* ContentView.swift */ = {isa = PBXFileReference; lastKnownFileType = sourcecode.swift; path = ContentView.swift; sourceTree = "<group>"; };
		202CD6A82B83A143009FB1C0 /* Assets.xcassets */ = {isa = PBXFileReference; lastKnownFileType = folder.assetcatalog; path = Assets.xcassets; sourceTree = "<group>"; };
		202CD6AB2B83A143009FB1C0 /* Preview Assets.xcassets */ = {isa = PBXFileReference; lastKnownFileType = folder.assetcatalog; path = "Preview Assets.xcassets"; sourceTree = "<group>"; };
		202CD6B12B83A144009FB1C0 /* PokerSenTests.xctest */ = {isa = PBXFileReference; explicitFileType = wrapper.cfbundle; includeInIndex = 0; path = PokerSenTests.xctest; sourceTree = BUILT_PRODUCTS_DIR; };
		202CD6B52B83A144009FB1C0 /* PokerSenTests.swift */ = {isa = PBXFileReference; lastKnownFileType = sourcecode.swift; path = PokerSenTests.swift; sourceTree = "<group>"; };
		202CD6BB2B83A144009FB1C0 /* PokerSenUITests.xctest */ = {isa = PBXFileReference; explicitFileType = wrapper.cfbundle; includeInIndex = 0; path = PokerSenUITests.xctest; sourceTree = BUILT_PRODUCTS_DIR; };
		202CD6BF2B83A144009FB1C0 /* PokerSenUITests.swift */ = {isa = PBXFileReference; lastKnownFileType = sourcecode.swift; path = PokerSenUITests.swift; sourceTree = "<group>"; };
		202CD6C12B83A144009FB1C0 /* PokerSenUITestsLaunchTests.swift */ = {isa = PBXFileReference; lastKnownFileType = sourcecode.swift; path = PokerSenUITestsLaunchTests.swift; sourceTree = "<group>"; };
/* End PBXFileReference section */

/* Begin PBXFrameworksBuildPhase section */
		202CD69E2B83A13F009FB1C0 /* Frameworks */ = {
			isa = PBXFrameworksBuildPhase;
			buildActionMask = 2147483647;
			files = (
			);
			runOnlyForDeploymentPostprocessing = 0;
		};
		202CD6AE2B83A144009FB1C0 /* Frameworks */ = {
			isa = PBXFrameworksBuildPhase;
			buildActionMask = 2147483647;
			files = (
			);
			runOnlyForDeploymentPostprocessing = 0;
		};
		202CD6B82B83A144009FB1C0 /* Frameworks */ = {
			isa = PBXFrameworksBuildPhase;
			buildActionMask = 2147483647;
			files = (
			);
			runOnlyForDeploymentPostprocessing = 0;
		};
/* End PBXFrameworksBuildPhase section */

/* Begin PBXGroup section */
		202CD6982B83A13F009FB1C0 = {
			isa = PBXGroup;
			children = (
				202CD6A32B83A13F009FB1C0 /* PokerSen */,
				202CD6B42B83A144009FB1C0 /* PokerSenTests */,
				202CD6BE2B83A144009FB1C0 /* PokerSenUITests */,
				202CD6A22B83A13F009FB1C0 /* Products */,
			);
			sourceTree = "<group>";
		};
		202CD6A22B83A13F009FB1C0 /* Products */ = {
			isa = PBXGroup;
			children = (
				202CD6A12B83A13F009FB1C0 /* PokerSen.app */,
				202CD6B12B83A144009FB1C0 /* PokerSenTests.xctest */,
				202CD6BB2B83A144009FB1C0 /* PokerSenUITests.xctest */,
			);
			name = Products;
			sourceTree = "<group>";
		};
		202CD6A32B83A13F009FB1C0 /* PokerSen */ = {
			isa = PBXGroup;
			children = (
				202CD6A42B83A13F009FB1C0 /* PokerSenApp.swift */,
				202CD6A62B83A13F009FB1C0 /* ContentView.swift */,
				202CD6A82B83A143009FB1C0 /* Assets.xcassets */,
				202CD6AA2B83A143009FB1C0 /* Preview Content */,
			);
			path = PokerSen;
			sourceTree = "<group>";
		};
		202CD6AA2B83A143009FB1C0 /* Preview Content */ = {
			isa = PBXGroup;
			children = (
				202CD6AB2B83A143009FB1C0 /* Preview Assets.xcassets */,
			);
			path = "Preview Content";
			sourceTree = "<group>";
		};
		202CD6B42B83A144009FB1C0 /* PokerSenTests */ = {
			isa = PBXGroup;
			children = (
				202CD6B52B83A144009FB1C0 /* PokerSenTests.swift */,
			);
			path = PokerSenTests;
			sourceTree = "<group>";
		};
		202CD6BE2B83A144009FB1C0 /* PokerSenUITests */ = {
			isa = PBXGroup;
			children = (
				202CD6BF2B83A144009FB1C0 /* PokerSenUITests.swift */,
				202CD6C12B83A144009FB1C0 /* PokerSenUITestsLaunchTests.swift */,
			);
			path = PokerSenUITests;
			sourceTree = "<group>";
		};
/* End PBXGroup section */

/* Begin PBXNativeTarget section */
		202CD6A02B83A13F009FB1C0 /* PokerSen */ = {
			isa = PBXNativeTarget;
			buildConfigurationList = 202CD6C52B83A144009FB1C0 /* Build configuration list for PBXNativeTarget "PokerSen" */;
			buildPhases = (
				202CD69D2B83A13F009FB1C0 /* Sources */,
				202CD69E2B83A13F009FB1C0 /* Frameworks */,
				202CD69F2B83A13F009FB1C0 /* Resources */,
			);
			buildRules = (
			);
			dependencies = (
			);
			name = PokerSen;
			productName = PokerSen;
			productReference = 202CD6A12B83A13F009FB1C0 /* PokerSen.app */;
			productType = "com.apple.product-type.application";
		};
		202CD6B02B83A144009FB1C0 /* PokerSenTests */ = {
			isa = PBXNativeTarget;
			buildConfigurationList = 202CD6C82B83A144009FB1C0 /* Build configuration list for PBXNativeTarget "PokerSenTests" */;
			buildPhases = (
				202CD6AD2B83A144009FB1C0 /* Sources */,
				202CD6AE2B83A144009FB1C0 /* Frameworks */,
				202CD6AF2B83A144009FB1C0 /* Resources */,
			);
			buildRules = (
			);
			dependencies = (
				202CD6B32B83A144009FB1C0 /* PBXTargetDependency */,
			);
			name = PokerSenTests;
			productName = PokerSenTests;
			productReference = 202CD6B12B83A144009FB1C0 /* PokerSenTests.xctest */;
			productType = "com.apple.product-type.bundle.unit-test";
		};
		202CD6BA2B83A144009FB1C0 /* PokerSenUITests */ = {
			isa = PBXNativeTarget;
			buildConfigurationList = 202CD6CB2B83A144009FB1C0 /* Build configuration list for PBXNativeTarget "PokerSenUITests" */;
			buildPhases = (
				202CD6B72B83A144009FB1C0 /* Sources */,
				202CD6B82B83A144009FB1C0 /* Frameworks */,
				202CD6B92B83A144009FB1C0 /* Resources */,
			);
			buildRules = (
			);
			dependencies = (
				202CD6BD2B83A144009FB1C0 /* PBXTargetDependency */,
			);
			name = PokerSenUITests;
			productName = PokerSenUITests;
			productReference = 202CD6BB2B83A144009FB1C0 /* PokerSenUITests.xctest */;
			productType = "com.apple.product-type.bundle.ui-testing";
		};
/* End PBXNativeTarget section */

/* Begin PBXProject section */
		202CD6992B83A13F009FB1C0 /* Project object */ = {
			isa = PBXProject;
			attributes = {
				BuildIndependentTargetsInParallel = 1;
				LastSwiftUpdateCheck = 1520;
				LastUpgradeCheck = 1520;
				TargetAttributes = {
					202CD6A02B83A13F009FB1C0 = {
						CreatedOnToolsVersion = 15.2;
					};
					202CD6B02B83A144009FB1C0 = {
						CreatedOnToolsVersion = 15.2;
						TestTargetID = 202CD6A02B83A13F009FB1C0;
					};
					202CD6BA2B83A144009FB1C0 = {
						CreatedOnToolsVersion = 15.2;
						TestTargetID = 202CD6A02B83A13F009FB1C0;
					};
				};
			};
			buildConfigurationList = 202CD69C2B83A13F009FB1C0 /* Build configuration list for PBXProject "PokerSen" */;
			compatibilityVersion = "Xcode 14.0";
			developmentRegion = en;
			hasScannedForEncodings = 0;
			knownRegions = (
				en,
				Base,
			);
			mainGroup = 202CD6982B83A13F009FB1C0;
			productRefGroup = 202CD6A22B83A13F009FB1C0 /* Products */;
			projectDirPath = "";
			projectRoot = "";
			targets = (
				202CD6A02B83A13F009FB1C0 /* PokerSen */,
				202CD6B02B83A144009FB1C0 /* PokerSenTests */,
				202CD6BA2B83A144009FB1C0 /* PokerSenUITests */,
			);
		};
/* End PBXProject section */

/* Begin PBXResourcesBuildPhase section */
		202CD69F2B83A13F009FB1C0 /* Resources */ = {
			isa = PBXResourcesBuildPhase;
			buildActionMask = 2147483647;
			files = (
				202CD6AC2B83A143009FB1C0 /* Preview Assets.xcassets in Resources */,
				202CD6A92B83A143009FB1C0 /* Assets.xcassets in Resources */,
			);
			runOnlyForDeploymentPostprocessing = 0;
		};
		202CD6AF2B83A144009FB1C0 /* Resources */ = {
			isa = PBXResourcesBuildPhase;
			buildActionMask = 2147483647;
			files = (
			);
			runOnlyForDeploymentPostprocessing = 0;
		};
		202CD6B92B83A144009FB1C0 /* Resources */ = {
			isa = PBXResourcesBuildPhase;
			buildActionMask = 2147483647;
			files = (
			);
			runOnlyForDeploymentPostprocessing = 0;
		};
/* End PBXResourcesBuildPhase section */

/* Begin PBXSourcesBuildPhase section */
		202CD69D2B83A13F009FB1C0 /* Sources */ = {
			isa = PBXSourcesBuildPhase;
			buildActionMask = 2147483647;
			files = (
				202CD6A72B83A13F009FB1C0 /* ContentView.swift in Sources */,
				202CD6A52B83A13F009FB1C0 /* PokerSenApp.swift in Sources */,
			);
			runOnlyForDeploymentPostprocessing = 0;
		};
		202CD6AD2B83A144009FB1C0 /* Sources */ = {
			isa = PBXSourcesBuildPhase;
			buildActionMask = 2147483647;
			files = (
				202CD6B62B83A144009FB1C0 /* PokerSenTests.swift in Sources */,
			);
			runOnlyForDeploymentPostprocessing = 0;
		};
		202CD6B72B83A144009FB1C0 /* Sources */ = {
			isa = PBXSourcesBuildPhase;
			buildActionMask = 2147483647;
			files = (
				202CD6C22B83A144009FB1C0 /* PokerSenUITestsLaunchTests.swift in Sources */,
				202CD6C02B83A144009FB1C0 /* PokerSenUITests.swift in Sources */,
			);
			runOnlyForDeploymentPostprocessing = 0;
		};
/* End PBXSourcesBuildPhase section */

/* Begin PBXTargetDependency section */
		202CD6B32B83A144009FB1C0 /* PBXTargetDependency */ = {
			isa = PBXTargetDependency;
			target = 202CD6A02B83A13F009FB1C0 /* PokerSen */;
			targetProxy = 202CD6B22B83A144009FB1C0 /* PBXContainerItemProxy */;
		};
		202CD6BD2B83A144009FB1C0 /* PBXTargetDependency */ = {
			isa = PBXTargetDependency;
			target = 202CD6A02B83A13F009FB1C0 /* PokerSen */;
			targetProxy = 202CD6BC2B83A144009FB1C0 /* PBXContainerItemProxy */;
		};
/* End PBXTargetDependency section */

/* Begin XCBuildConfiguration section */
		202CD6C32B83A144009FB1C0 /* Debug */ = {
			isa = XCBuildConfiguration;
			buildSettings = {
				ALWAYS_SEARCH_USER_PATHS = NO;
				ASSETCATALOG_COMPILER_GENERATE_SWIFT_ASSET_SYMBOL_EXTENSIONS = YES;
				CLANG_ANALYZER_NONNULL = YES;
				CLANG_ANALYZER_NUMBER_OBJECT_CONVERSION = YES_AGGRESSIVE;
				CLANG_CXX_LANGUAGE_STANDARD = "gnu++20";
				CLANG_ENABLE_MODULES = YES;
				CLANG_ENABLE_OBJC_ARC = YES;
				CLANG_ENABLE_OBJC_WEAK = YES;
				CLANG_WARN_BLOCK_CAPTURE_AUTORELEASING = YES;
				CLANG_WARN_BOOL_CONVERSION = YES;
				CLANG_WARN_COMMA = YES;
				CLANG_WARN_CONSTANT_CONVERSION = YES;
				CLANG_WARN_DEPRECATED_OBJC_IMPLEMENTATIONS = YES;
				CLANG_WARN_DIRECT_OBJC_ISA_USAGE = YES_ERROR;
				CLANG_WARN_DOCUMENTATION_COMMENTS = YES;
				CLANG_WARN_EMPTY_BODY = YES;
				CLANG_WARN_ENUM_CONVERSION = YES;
				CLANG_WARN_INFINITE_RECURSION = YES;
				CLANG_WARN_INT_CONVERSION = YES;
				CLANG_WARN_NON_LITERAL_NULL_CONVERSION = YES;
				CLANG_WARN_OBJC_IMPLICIT_RETAIN_SELF = YES;
				CLANG_WARN_OBJC_LITERAL_CONVERSION = YES;
				CLANG_WARN_OBJC_ROOT_CLASS = YES_ERROR;
				CLANG_WARN_QUOTED_INCLUDE_IN_FRAMEWORK_HEADER = YES;
				CLANG_WARN_RANGE_LOOP_ANALYSIS = YES;
				CLANG_WARN_STRICT_PROTOTYPES = YES;
				CLANG_WARN_SUSPICIOUS_MOVE = YES;
				CLANG_WARN_UNGUARDED_AVAILABILITY = YES_AGGRESSIVE;
				CLANG_WARN_UNREACHABLE_CODE = YES;
				CLANG_WARN__DUPLICATE_METHOD_MATCH = YES;
				COPY_PHASE_STRIP = NO;
				DEBUG_INFORMATION_FORMAT = dwarf;
				ENABLE_STRICT_OBJC_MSGSEND = YES;
				ENABLE_TESTABILITY = YES;
				ENABLE_USER_SCRIPT_SANDBOXING = YES;
				GCC_C_LANGUAGE_STANDARD = gnu17;
				GCC_DYNAMIC_NO_PIC = NO;
				GCC_NO_COMMON_BLOCKS = YES;
				GCC_OPTIMIZATION_LEVEL = 0;
				GCC_PREPROCESSOR_DEFINITIONS = (
					"DEBUG=1",
					"$(inherited)",
				);
				GCC_WARN_64_TO_32_BIT_CONVERSION = YES;
				GCC_WARN_ABOUT_RETURN_TYPE = YES_ERROR;
				GCC_WARN_UNDECLARED_SELECTOR = YES;
				GCC_WARN_UNINITIALIZED_AUTOS = YES_AGGRESSIVE;
				GCC_WARN_UNUSED_FUNCTION = YES;
				GCC_WARN_UNUSED_VARIABLE = YES;
				IPHONEOS_DEPLOYMENT_TARGET = 17.2;
				LOCALIZATION_PREFERS_STRING_CATALOGS = YES;
				MTL_ENABLE_DEBUG_INFO = INCLUDE_SOURCE;
				MTL_FAST_MATH = YES;
				ONLY_ACTIVE_ARCH = YES;
				SDKROOT = iphoneos;
				SWIFT_ACTIVE_COMPILATION_CONDITIONS = "DEBUG $(inherited)";
				SWIFT_OPTIMIZATION_LEVEL = "-Onone";
			};
			name = Debug;
		};
		202CD6C42B83A144009FB1C0 /* Release */ = {
			isa = XCBuildConfiguration;
			buildSettings = {
				ALWAYS_SEARCH_USER_PATHS = NO;
				ASSETCATALOG_COMPILER_GENERATE_SWIFT_ASSET_SYMBOL_EXTENSIONS = YES;
				CLANG_ANALYZER_NONNULL = YES;
				CLANG_ANALYZER_NUMBER_OBJECT_CONVERSION = YES_AGGRESSIVE;
				CLANG_CXX_LANGUAGE_STANDARD = "gnu++20";
				CLANG_ENABLE_MODULES = YES;
				CLANG_ENABLE_OBJC_ARC = YES;
				CLANG_ENABLE_OBJC_WEAK = YES;
				CLANG_WARN_BLOCK_CAPTURE_AUTORELEASING = YES;
				CLANG_WARN_BOOL_CONVERSION = YES;
				CLANG_WARN_COMMA = YES;
				CLANG_WARN_CONSTANT_CONVERSION = YES;
				CLANG_WARN_DEPRECATED_OBJC_IMPLEMENTATIONS = YES;
				CLANG_WARN_DIRECT_OBJC_ISA_USAGE = YES_ERROR;
				CLANG_WARN_DOCUMENTATION_COMMENTS = YES;
				CLANG_WARN_EMPTY_BODY = YES;
				CLANG_WARN_ENUM_CONVERSION = YES;
				CLANG_WARN_INFINITE_RECURSION = YES;
				CLANG_WARN_INT_CONVERSION = YES;
				CLANG_WARN_NON_LITERAL_NULL_CONVERSION = YES;
				CLANG_WARN_OBJC_IMPLICIT_RETAIN_SELF = YES;
				CLANG_WARN_OBJC_LITERAL_CONVERSION = YES;
				CLANG_WARN_OBJC_ROOT_CLASS = YES_ERROR;
				CLANG_WARN_QUOTED_INCLUDE_IN_FRAMEWORK_HEADER = YES;
				CLANG_WARN_RANGE_LOOP_ANALYSIS = YES;
				CLANG_WARN_STRICT_PROTOTYPES = YES;
				CLANG_WARN_SUSPICIOUS_MOVE = YES;
				CLANG_WARN_UNGUARDED_AVAILABILITY = YES_AGGRESSIVE;
				CLANG_WARN_UNREACHABLE_CODE = YES;
				CLANG_WARN__DUPLICATE_METHOD_MATCH = YES;
				COPY_PHASE_STRIP = NO;
				DEBUG_INFORMATION_FORMAT = "dwarf-with-dsym";
				ENABLE_NS_ASSERTIONS = NO;
				ENABLE_STRICT_OBJC_MSGSEND = YES;
				ENABLE_USER_SCRIPT_SANDBOXING = YES;
				GCC_C_LANGUAGE_STANDARD = gnu17;
				GCC_NO_COMMON_BLOCKS = YES;
				GCC_WARN_64_TO_32_BIT_CONVERSION = YES;
				GCC_WARN_ABOUT_RETURN_TYPE = YES_ERROR;
				GCC_WARN_UNDECLARED_SELECTOR = YES;
				GCC_WARN_UNINITIALIZED_AUTOS = YES_AGGRESSIVE;
				GCC_WARN_UNUSED_FUNCTION = YES;
				GCC_WARN_UNUSED_VARIABLE = YES;
				IPHONEOS_DEPLOYMENT_TARGET = 17.2;
				LOCALIZATION_PREFERS_STRING_CATALOGS = YES;
				MTL_ENABLE_DEBUG_INFO = NO;
				MTL_FAST_MATH = YES;
				SDKROOT = iphoneos;
				SWIFT_COMPILATION_MODE = wholemodule;
				VALIDATE_PRODUCT = YES;
			};
			name = Release;
		};
		202CD6C62B83A144009FB1C0 /* Debug */ = {
			isa = XCBuildConfiguration;
			buildSettings = {
				ASSETCATALOG_COMPILER_APPICON_NAME = AppIcon;
				ASSETCATALOG_COMPILER_GLOBAL_ACCENT_COLOR_NAME = AccentColor;
				CODE_SIGN_STYLE = Automatic;
				CURRENT_PROJECT_VERSION = 1;
				DEVELOPMENT_ASSET_PATHS = "\"PokerSen/Preview Content\"";
				ENABLE_PREVIEWS = YES;
				GENERATE_INFOPLIST_FILE = YES;
				INFOPLIST_KEY_UIApplicationSceneManifest_Generation = YES;
				INFOPLIST_KEY_UIApplicationSupportsIndirectInputEvents = YES;
				INFOPLIST_KEY_UILaunchScreen_Generation = YES;
				INFOPLIST_KEY_UISupportedInterfaceOrientations_iPad = "UIInterfaceOrientationPortrait UIInterfaceOrientationPortraitUpsideDown UIInterfaceOrientationLandscapeLeft UIInterfaceOrientationLandscapeRight";
				INFOPLIST_KEY_UISupportedInterfaceOrientations_iPhone = "UIInterfaceOrientationPortrait UIInterfaceOrientationLandscapeLeft UIInterfaceOrientationLandscapeRight";
				LD_RUNPATH_SEARCH_PATHS = (
					"$(inherited)",
					"@executable_path/Frameworks",
				);
				MARKETING_VERSION = 1.0;
				PRODUCT_BUNDLE_IDENTIFIER = tamu.PokerSen;
				PRODUCT_NAME = "$(TARGET_NAME)";
				SWIFT_EMIT_LOC_STRINGS = YES;
				SWIFT_VERSION = 5.0;
				TARGETED_DEVICE_FAMILY = "1,2";
			};
			name = Debug;
		};
		202CD6C72B83A144009FB1C0 /* Release */ = {
			isa = XCBuildConfiguration;
			buildSettings = {
				ASSETCATALOG_COMPILER_APPICON_NAME = AppIcon;
				ASSETCATALOG_COMPILER_GLOBAL_ACCENT_COLOR_NAME = AccentColor;
				CODE_SIGN_STYLE = Automatic;
				CURRENT_PROJECT_VERSION = 1;
				DEVELOPMENT_ASSET_PATHS = "\"PokerSen/Preview Content\"";
				ENABLE_PREVIEWS = YES;
				GENERATE_INFOPLIST_FILE = YES;
				INFOPLIST_KEY_UIApplicationSceneManifest_Generation = YES;
				INFOPLIST_KEY_UIApplicationSupportsIndirectInputEvents = YES;
				INFOPLIST_KEY_UILaunchScreen_Generation = YES;
				INFOPLIST_KEY_UISupportedInterfaceOrientations_iPad = "UIInterfaceOrientationPortrait UIInterfaceOrientationPortraitUpsideDown UIInterfaceOrientationLandscapeLeft UIInterfaceOrientationLandscapeRight";
				INFOPLIST_KEY_UISupportedInterfaceOrientations_iPhone = "UIInterfaceOrientationPortrait UIInterfaceOrientationLandscapeLeft UIInterfaceOrientationLandscapeRight";
				LD_RUNPATH_SEARCH_PATHS = (
					"$(inherited)",
					"@executable_path/Frameworks",
				);
				MARKETING_VERSION = 1.0;
				PRODUCT_BUNDLE_IDENTIFIER = tamu.PokerSen;
				PRODUCT_NAME = "$(TARGET_NAME)";
				SWIFT_EMIT_LOC_STRINGS = YES;
				SWIFT_VERSION = 5.0;
				TARGETED_DEVICE_FAMILY = "1,2";
			};
			name = Release;
		};
		202CD6C92B83A144009FB1C0 /* Debug */ = {
			isa = XCBuildConfiguration;
			buildSettings = {
				ALWAYS_EMBED_SWIFT_STANDARD_LIBRARIES = YES;
				BUNDLE_LOADER = "$(TEST_HOST)";
				CODE_SIGN_STYLE = Automatic;
				CURRENT_PROJECT_VERSION = 1;
				GENERATE_INFOPLIST_FILE = YES;
				IPHONEOS_DEPLOYMENT_TARGET = 17.2;
				MARKETING_VERSION = 1.0;
				PRODUCT_BUNDLE_IDENTIFIER = tamu.PokerSenTests;
				PRODUCT_NAME = "$(TARGET_NAME)";
				SWIFT_EMIT_LOC_STRINGS = NO;
				SWIFT_VERSION = 5.0;
				TARGETED_DEVICE_FAMILY = "1,2";
				TEST_HOST = "$(BUILT_PRODUCTS_DIR)/PokerSen.app/$(BUNDLE_EXECUTABLE_FOLDER_PATH)/PokerSen";
			};
			name = Debug;
		};
		202CD6CA2B83A144009FB1C0 /* Release */ = {
			isa = XCBuildConfiguration;
			buildSettings = {
				ALWAYS_EMBED_SWIFT_STANDARD_LIBRARIES = YES;
				BUNDLE_LOADER = "$(TEST_HOST)";
				CODE_SIGN_STYLE = Automatic;
				CURRENT_PROJECT_VERSION = 1;
				GENERATE_INFOPLIST_FILE = YES;
				IPHONEOS_DEPLOYMENT_TARGET = 17.2;
				MARKETING_VERSION = 1.0;
				PRODUCT_BUNDLE_IDENTIFIER = tamu.PokerSenTests;
				PRODUCT_NAME = "$(TARGET_NAME)";
				SWIFT_EMIT_LOC_STRINGS = NO;
				SWIFT_VERSION = 5.0;
				TARGETED_DEVICE_FAMILY = "1,2";
				TEST_HOST = "$(BUILT_PRODUCTS_DIR)/PokerSen.app/$(BUNDLE_EXECUTABLE_FOLDER_PATH)/PokerSen";
			};
			name = Release;
		};
		202CD6CC2B83A144009FB1C0 /* Debug */ = {
			isa = XCBuildConfiguration;
			buildSettings = {
				ALWAYS_EMBED_SWIFT_STANDARD_LIBRARIES = YES;
				CODE_SIGN_STYLE = Automatic;
				CURRENT_PROJECT_VERSION = 1;
				GENERATE_INFOPLIST_FILE = YES;
				MARKETING_VERSION = 1.0;
				PRODUCT_BUNDLE_IDENTIFIER = tamu.PokerSenUITests;
				PRODUCT_NAME = "$(TARGET_NAME)";
				SWIFT_EMIT_LOC_STRINGS = NO;
				SWIFT_VERSION = 5.0;
				TARGETED_DEVICE_FAMILY = "1,2";
				TEST_TARGET_NAME = PokerSen;
			};
			name = Debug;
		};
		202CD6CD2B83A144009FB1C0 /* Release */ = {
			isa = XCBuildConfiguration;
			buildSettings = {
				ALWAYS_EMBED_SWIFT_STANDARD_LIBRARIES = YES;
				CODE_SIGN_STYLE = Automatic;
				CURRENT_PROJECT_VERSION = 1;
				GENERATE_INFOPLIST_FILE = YES;
				MARKETING_VERSION = 1.0;
				PRODUCT_BUNDLE_IDENTIFIER = tamu.PokerSenUITests;
				PRODUCT_NAME = "$(TARGET_NAME)";
				SWIFT_EMIT_LOC_STRINGS = NO;
				SWIFT_VERSION = 5.0;
				TARGETED_DEVICE_FAMILY = "1,2";
				TEST_TARGET_NAME = PokerSen;
			};
			name = Release;
		};
/* End XCBuildConfiguration section */

/* Begin XCConfigurationList section */
		202CD69C2B83A13F009FB1C0 /* Build configuration list for PBXProject "PokerSen" */ = {
			isa = XCConfigurationList;
			buildConfigurations = (
				202CD6C32B83A144009FB1C0 /* Debug */,
				202CD6C42B83A144009FB1C0 /* Release */,
			);
			defaultConfigurationIsVisible = 0;
			defaultConfigurationName = Release;
		};
		202CD6C52B83A144009FB1C0 /* Build configuration list for PBXNativeTarget "PokerSen" */ = {
			isa = XCConfigurationList;
			buildConfigurations = (
				202CD6C62B83A144009FB1C0 /* Debug */,
				202CD6C72B83A144009FB1C0 /* Release */,
			);
			defaultConfigurationIsVisible = 0;
			defaultConfigurationName = Release;
		};
		202CD6C82B83A144009FB1C0 /* Build configuration list for PBXNativeTarget "PokerSenTests" */ = {
			isa = XCConfigurationList;
			buildConfigurations = (
				202CD6C92B83A144009FB1C0 /* Debug */,
				202CD6CA2B83A144009FB1C0 /* Release */,
			);
			defaultConfigurationIsVisible = 0;
			defaultConfigurationName = Release;
		};
		202CD6CB2B83A144009FB1C0 /* Build configuration list for PBXNativeTarget "PokerSenUITests" */ = {
			isa = XCConfigurationList;
			buildConfigurations = (
				202CD6CC2B83A144009FB1C0 /* Debug */,
				202CD6CD2B83A144009FB1C0 /* Release */,
			);
			defaultConfigurationIsVisible = 0;
			defaultConfigurationName = Release;
		};
/* End XCConfigurationList section */
	};
	rootObject = 202CD6992B83A13F009FB1C0 /* Project object */;
}
