// !$*UTF8*$!
{
	archiveVersion = 1;
	classes = {
	};
	objectVersion = 56;
	objects = {

/* Begin PBXBuildFile section */
		200A11ED2BB1225600F28AC0 /* ChessView.swift in Sources */ = {isa = PBXBuildFile; fileRef = 200A11EC2BB1225600F28AC0 /* ChessView.swift */; };
		200A11F02BB1228900F28AC0 /* Chess in Frameworks */ = {isa = PBXBuildFile; productRef = 200A11EF2BB1228900F28AC0 /* Chess */; };
		200A11F42BB122C200F28AC0 /* ProfileView.swift in Sources */ = {isa = PBXBuildFile; fileRef = 200A11F12BB122C200F28AC0 /* ProfileView.swift */; };
		200A11F52BB122C200F28AC0 /* LandingLoginView.swift in Sources */ = {isa = PBXBuildFile; fileRef = 200A11F22BB122C200F28AC0 /* LandingLoginView.swift */; };
		200A11F62BB122C200F28AC0 /* PlayableView.swift in Sources */ = {isa = PBXBuildFile; fileRef = 200A11F32BB122C200F28AC0 /* PlayableView.swift */; };
		200A11F82BB45C2F00F28AC0 /* ChessSettingsView.swift in Sources */ = {isa = PBXBuildFile; fileRef = 200A11F72BB45C2F00F28AC0 /* ChessSettingsView.swift */; };
		200A11FB2BB4724200F28AC0 /* ChessKit in Frameworks */ = {isa = PBXBuildFile; productRef = 200A11FA2BB4724200F28AC0 /* ChessKit */; };
		200A11FD2BB478B300F28AC0 /* UCItoFENfunctions.swift in Sources */ = {isa = PBXBuildFile; fileRef = 200A11FC2BB478B300F28AC0 /* UCItoFENfunctions.swift */; };
		200A12002BB4B1B200F28AC0 /* ChessKitEngine in Frameworks */ = {isa = PBXBuildFile; productRef = 200A11FF2BB4B1B200F28AC0 /* ChessKitEngine */; };
		202CD6A52B83A13F009FB1C0 /* ChessMasterApp.swift in Sources */ = {isa = PBXBuildFile; fileRef = 202CD6A42B83A13F009FB1C0 /* ChessMasterApp.swift */; };
		202CD6A72B83A13F009FB1C0 /* ContentView.swift in Sources */ = {isa = PBXBuildFile; fileRef = 202CD6A62B83A13F009FB1C0 /* ContentView.swift */; };
		202CD6A92B83A143009FB1C0 /* Assets.xcassets in Resources */ = {isa = PBXBuildFile; fileRef = 202CD6A82B83A143009FB1C0 /* Assets.xcassets */; };
		202CD6AC2B83A143009FB1C0 /* Preview Assets.xcassets in Resources */ = {isa = PBXBuildFile; fileRef = 202CD6AB2B83A143009FB1C0 /* Preview Assets.xcassets */; };
		202CD6B62B83A144009FB1C0 /* ChessMasterTests.swift in Sources */ = {isa = PBXBuildFile; fileRef = 202CD6B52B83A144009FB1C0 /* ChessMasterTests.swift */; };
		202CD6C02B83A144009FB1C0 /* ChessMasterUITests.swift in Sources */ = {isa = PBXBuildFile; fileRef = 202CD6BF2B83A144009FB1C0 /* ChessMasterUITests.swift */; };
		202CD6C22B83A144009FB1C0 /* ChessMasterUITestsLaunchTests.swift in Sources */ = {isa = PBXBuildFile; fileRef = 202CD6C12B83A144009FB1C0 /* ChessMasterUITestsLaunchTests.swift */; };
		202CD6CF2B864574009FB1C0 /* ReplayListView.swift in Sources */ = {isa = PBXBuildFile; fileRef = 202CD6CE2B864574009FB1C0 /* ReplayListView.swift */; };
		372380AA2BB0F03C00B74B70 /* FinishGameView.swift in Sources */ = {isa = PBXBuildFile; fileRef = 372380A92BB0F03C00B74B70 /* FinishGameView.swift */; };
		372380AC2BB0F99400B74B70 /* GameSavingView.swift in Sources */ = {isa = PBXBuildFile; fileRef = 372380AB2BB0F99400B74B70 /* GameSavingView.swift */; };
		37DD437D2B8F2C5300D59D9E /* NavigationPage2.swift in Sources */ = {isa = PBXBuildFile; fileRef = 37DD437C2B8F2C5300D59D9E /* NavigationPage2.swift */; };
		37DD437F2B8F302500D59D9E /* ProgressPage.swift in Sources */ = {isa = PBXBuildFile; fileRef = 37DD437E2B8F302500D59D9E /* ProgressPage.swift */; };
		37DD43812B8F942A00D59D9E /* HomePage.swift in Sources */ = {isa = PBXBuildFile; fileRef = 37DD43802B8F942A00D59D9E /* HomePage.swift */; };
		37DD43832B94E57E00D59D9E /* ReplayTableView.swift in Sources */ = {isa = PBXBuildFile; fileRef = 37DD43822B94E57E00D59D9E /* ReplayTableView.swift */; };
		E1030E082BB9C83F001189E6 /* db2.cpp in Sources */ = {isa = PBXBuildFile; fileRef = E1030E062BB9C83F001189E6 /* db2.cpp */; };
		E1030E0C2BB9CC1F001189E6 /* dbWrapper.mm in Sources */ = {isa = PBXBuildFile; fileRef = E1030E0B2BB9CC1F001189E6 /* dbWrapper.mm */; };
		E1030E0E2BBA44BA001189E6 /* test.sqlite in Resources */ = {isa = PBXBuildFile; fileRef = E1030E0D2BBA44BA001189E6 /* test.sqlite */; };
		E12255B72BBE2D4C0036B2D7 /* GlobalVariables.swift in Sources */ = {isa = PBXBuildFile; fileRef = E12255B62BBE2D4C0036B2D7 /* GlobalVariables.swift */; };
/* End PBXBuildFile section */

/* Begin PBXContainerItemProxy section */
		202CD6B22B83A144009FB1C0 /* PBXContainerItemProxy */ = {
			isa = PBXContainerItemProxy;
			containerPortal = 202CD6992B83A13F009FB1C0 /* Project object */;
			proxyType = 1;
			remoteGlobalIDString = 202CD6A02B83A13F009FB1C0;
			remoteInfo = ChessMaster;
		};
		202CD6BC2B83A144009FB1C0 /* PBXContainerItemProxy */ = {
			isa = PBXContainerItemProxy;
			containerPortal = 202CD6992B83A13F009FB1C0 /* Project object */;
			proxyType = 1;
			remoteGlobalIDString = 202CD6A02B83A13F009FB1C0;
			remoteInfo = ChessMaster;
		};
/* End PBXContainerItemProxy section */

/* Begin PBXFileReference section */
		200A11EC2BB1225600F28AC0 /* ChessView.swift */ = {isa = PBXFileReference; lastKnownFileType = sourcecode.swift; path = ChessView.swift; sourceTree = "<group>"; };
		200A11F12BB122C200F28AC0 /* ProfileView.swift */ = {isa = PBXFileReference; fileEncoding = 4; lastKnownFileType = sourcecode.swift; path = ProfileView.swift; sourceTree = "<group>"; };
		200A11F22BB122C200F28AC0 /* LandingLoginView.swift */ = {isa = PBXFileReference; fileEncoding = 4; lastKnownFileType = sourcecode.swift; path = LandingLoginView.swift; sourceTree = "<group>"; };
		200A11F32BB122C200F28AC0 /* PlayableView.swift */ = {isa = PBXFileReference; fileEncoding = 4; lastKnownFileType = sourcecode.swift; path = PlayableView.swift; sourceTree = "<group>"; };
		200A11F72BB45C2F00F28AC0 /* ChessSettingsView.swift */ = {isa = PBXFileReference; lastKnownFileType = sourcecode.swift; path = ChessSettingsView.swift; sourceTree = "<group>"; };
		200A11FC2BB478B300F28AC0 /* UCItoFENfunctions.swift */ = {isa = PBXFileReference; lastKnownFileType = sourcecode.swift; path = UCItoFENfunctions.swift; sourceTree = "<group>"; };
		202CD6A12B83A13F009FB1C0 /* ChessMaster.app */ = {isa = PBXFileReference; explicitFileType = wrapper.application; includeInIndex = 0; path = ChessMaster.app; sourceTree = BUILT_PRODUCTS_DIR; };
		202CD6A42B83A13F009FB1C0 /* ChessMasterApp.swift */ = {isa = PBXFileReference; lastKnownFileType = sourcecode.swift; path = ChessMasterApp.swift; sourceTree = "<group>"; };
		202CD6A62B83A13F009FB1C0 /* ContentView.swift */ = {isa = PBXFileReference; lastKnownFileType = sourcecode.swift; path = ContentView.swift; sourceTree = "<group>"; };
		202CD6A82B83A143009FB1C0 /* Assets.xcassets */ = {isa = PBXFileReference; lastKnownFileType = folder.assetcatalog; path = Assets.xcassets; sourceTree = "<group>"; };
		202CD6AB2B83A143009FB1C0 /* Preview Assets.xcassets */ = {isa = PBXFileReference; lastKnownFileType = folder.assetcatalog; path = "Preview Assets.xcassets"; sourceTree = "<group>"; };
		202CD6B12B83A144009FB1C0 /* ChessMasterTests.xctest */ = {isa = PBXFileReference; explicitFileType = wrapper.cfbundle; includeInIndex = 0; path = ChessMasterTests.xctest; sourceTree = BUILT_PRODUCTS_DIR; };
		202CD6B52B83A144009FB1C0 /* ChessMasterTests.swift */ = {isa = PBXFileReference; lastKnownFileType = sourcecode.swift; path = ChessMasterTests.swift; sourceTree = "<group>"; };
		202CD6BB2B83A144009FB1C0 /* ChessMasterUITests.xctest */ = {isa = PBXFileReference; explicitFileType = wrapper.cfbundle; includeInIndex = 0; path = ChessMasterUITests.xctest; sourceTree = BUILT_PRODUCTS_DIR; };
		202CD6BF2B83A144009FB1C0 /* ChessMasterUITests.swift */ = {isa = PBXFileReference; lastKnownFileType = sourcecode.swift; path = ChessMasterUITests.swift; sourceTree = "<group>"; };
		202CD6C12B83A144009FB1C0 /* ChessMasterUITestsLaunchTests.swift */ = {isa = PBXFileReference; lastKnownFileType = sourcecode.swift; path = ChessMasterUITestsLaunchTests.swift; sourceTree = "<group>"; };
		202CD6CE2B864574009FB1C0 /* ReplayListView.swift */ = {isa = PBXFileReference; lastKnownFileType = sourcecode.swift; path = ReplayListView.swift; sourceTree = "<group>"; };
		372380A92BB0F03C00B74B70 /* FinishGameView.swift */ = {isa = PBXFileReference; lastKnownFileType = sourcecode.swift; path = FinishGameView.swift; sourceTree = "<group>"; };
		372380AB2BB0F99400B74B70 /* GameSavingView.swift */ = {isa = PBXFileReference; lastKnownFileType = sourcecode.swift; path = GameSavingView.swift; sourceTree = "<group>"; };
		37DD437C2B8F2C5300D59D9E /* NavigationPage2.swift */ = {isa = PBXFileReference; lastKnownFileType = sourcecode.swift; path = NavigationPage2.swift; sourceTree = "<group>"; };
		37DD437E2B8F302500D59D9E /* ProgressPage.swift */ = {isa = PBXFileReference; lastKnownFileType = sourcecode.swift; path = ProgressPage.swift; sourceTree = "<group>"; };
		37DD43802B8F942A00D59D9E /* HomePage.swift */ = {isa = PBXFileReference; lastKnownFileType = sourcecode.swift; path = HomePage.swift; sourceTree = "<group>"; };
		37DD43822B94E57E00D59D9E /* ReplayTableView.swift */ = {isa = PBXFileReference; lastKnownFileType = sourcecode.swift; path = ReplayTableView.swift; sourceTree = "<group>"; };
		E1030E062BB9C83F001189E6 /* db2.cpp */ = {isa = PBXFileReference; lastKnownFileType = sourcecode.cpp.cpp; path = db2.cpp; sourceTree = "<group>"; };
		E1030E072BB9C83F001189E6 /* db2.hpp */ = {isa = PBXFileReference; lastKnownFileType = sourcecode.cpp.h; path = db2.hpp; sourceTree = "<group>"; };
		E1030E092BB9C917001189E6 /* module.modulemap */ = {isa = PBXFileReference; lastKnownFileType = "sourcecode.module-map"; path = module.modulemap; sourceTree = "<group>"; };
		E1030E0A2BB9CBC6001189E6 /* dbWrapper.h */ = {isa = PBXFileReference; lastKnownFileType = sourcecode.c.h; path = dbWrapper.h; sourceTree = "<group>"; };
		E1030E0B2BB9CC1F001189E6 /* dbWrapper.mm */ = {isa = PBXFileReference; lastKnownFileType = sourcecode.cpp.objcpp; path = dbWrapper.mm; sourceTree = "<group>"; };
		E1030E0D2BBA44BA001189E6 /* test.sqlite */ = {isa = PBXFileReference; lastKnownFileType = file; path = test.sqlite; sourceTree = "<group>"; };
		E12255B62BBE2D4C0036B2D7 /* GlobalVariables.swift */ = {isa = PBXFileReference; lastKnownFileType = sourcecode.swift; path = GlobalVariables.swift; sourceTree = "<group>"; };
		E1F823202BB3789F00FECCCD /* ChessMaster-Bridging-Header.h */ = {isa = PBXFileReference; lastKnownFileType = sourcecode.c.h; path = "ChessMaster-Bridging-Header.h"; sourceTree = "<group>"; };
/* End PBXFileReference section */

/* Begin PBXFrameworksBuildPhase section */
		202CD69E2B83A13F009FB1C0 /* Frameworks */ = {
			isa = PBXFrameworksBuildPhase;
			buildActionMask = 2147483647;
			files = (
				200A11FB2BB4724200F28AC0 /* ChessKit in Frameworks */,
				200A11F02BB1228900F28AC0 /* Chess in Frameworks */,
				200A12002BB4B1B200F28AC0 /* ChessKitEngine in Frameworks */,
			);
			runOnlyForDeploymentPostprocessing = 0;
		};
		202CD6AE2B83A144009FB1C0 /* Frameworks */ = {
			isa = PBXFrameworksBuildPhase;
			buildActionMask = 2147483647;
			files = (
			);
			runOnlyForDeploymentPostprocessing = 0;
		};
		202CD6B82B83A144009FB1C0 /* Frameworks */ = {
			isa = PBXFrameworksBuildPhase;
			buildActionMask = 2147483647;
			files = (
			);
			runOnlyForDeploymentPostprocessing = 0;
		};
/* End PBXFrameworksBuildPhase section */

/* Begin PBXGroup section */
		202CD6982B83A13F009FB1C0 = {
			isa = PBXGroup;
			children = (
				202CD6A32B83A13F009FB1C0 /* ChessMaster */,
				202CD6B42B83A144009FB1C0 /* ChessMasterTests */,
				202CD6BE2B83A144009FB1C0 /* ChessMasterUITests */,
				202CD6A22B83A13F009FB1C0 /* Products */,
			);
			sourceTree = "<group>";
		};
		202CD6A22B83A13F009FB1C0 /* Products */ = {
			isa = PBXGroup;
			children = (
				202CD6A12B83A13F009FB1C0 /* ChessMaster.app */,
				202CD6B12B83A144009FB1C0 /* ChessMasterTests.xctest */,
				202CD6BB2B83A144009FB1C0 /* ChessMasterUITests.xctest */,
			);
			name = Products;
			sourceTree = "<group>";
		};
		202CD6A32B83A13F009FB1C0 /* ChessMaster */ = {
			isa = PBXGroup;
			children = (
				200A11F22BB122C200F28AC0 /* LandingLoginView.swift */,
				E1030E062BB9C83F001189E6 /* db2.cpp */,
				E12255B62BBE2D4C0036B2D7 /* GlobalVariables.swift */,
				E1030E072BB9C83F001189E6 /* db2.hpp */,
				E1030E0A2BB9CBC6001189E6 /* dbWrapper.h */,
				E1030E0B2BB9CC1F001189E6 /* dbWrapper.mm */,
				200A11F32BB122C200F28AC0 /* PlayableView.swift */,
				E1030E092BB9C917001189E6 /* module.modulemap */,
				200A11F12BB122C200F28AC0 /* ProfileView.swift */,
				202CD6A42B83A13F009FB1C0 /* ChessMasterApp.swift */,
				202CD6A62B83A13F009FB1C0 /* ContentView.swift */,
				37DD437E2B8F302500D59D9E /* ProgressPage.swift */,
				E1030E0D2BBA44BA001189E6 /* test.sqlite */,
				37DD43822B94E57E00D59D9E /* ReplayTableView.swift */,
				372380A92BB0F03C00B74B70 /* FinishGameView.swift */,
				372380AB2BB0F99400B74B70 /* GameSavingView.swift */,
				37DD43802B8F942A00D59D9E /* HomePage.swift */,
				37DD437C2B8F2C5300D59D9E /* NavigationPage2.swift */,
				202CD6CE2B864574009FB1C0 /* ReplayListView.swift */,
				200A11F72BB45C2F00F28AC0 /* ChessSettingsView.swift */,
				200A11EC2BB1225600F28AC0 /* ChessView.swift */,
				200A11FC2BB478B300F28AC0 /* UCItoFENfunctions.swift */,
				202CD6A82B83A143009FB1C0 /* Assets.xcassets */,
				202CD6AA2B83A143009FB1C0 /* Preview Content */,
				E1F823202BB3789F00FECCCD /* ChessMaster-Bridging-Header.h */,
			);
			path = ChessMaster;
			sourceTree = "<group>";
		};
		202CD6AA2B83A143009FB1C0 /* Preview Content */ = {
			isa = PBXGroup;
			children = (
				202CD6AB2B83A143009FB1C0 /* Preview Assets.xcassets */,
			);
			path = "Preview Content";
			sourceTree = "<group>";
		};
		202CD6B42B83A144009FB1C0 /* ChessMasterTests */ = {
			isa = PBXGroup;
			children = (
				202CD6B52B83A144009FB1C0 /* ChessMasterTests.swift */,
			);
			path = ChessMasterTests;
			sourceTree = "<group>";
		};
		202CD6BE2B83A144009FB1C0 /* ChessMasterUITests */ = {
			isa = PBXGroup;
			children = (
				202CD6BF2B83A144009FB1C0 /* ChessMasterUITests.swift */,
				202CD6C12B83A144009FB1C0 /* ChessMasterUITestsLaunchTests.swift */,
			);
			path = ChessMasterUITests;
			sourceTree = "<group>";
		};
/* End PBXGroup section */

/* Begin PBXNativeTarget section */
		202CD6A02B83A13F009FB1C0 /* ChessMaster */ = {
			isa = PBXNativeTarget;
			buildConfigurationList = 202CD6C52B83A144009FB1C0 /* Build configuration list for PBXNativeTarget "ChessMaster" */;
			buildPhases = (
				202CD69D2B83A13F009FB1C0 /* Sources */,
				202CD69E2B83A13F009FB1C0 /* Frameworks */,
				202CD69F2B83A13F009FB1C0 /* Resources */,
			);
			buildRules = (
			);
			dependencies = (
			);
			name = ChessMaster;
			packageProductDependencies = (
				200A11EF2BB1228900F28AC0 /* Chess */,
				200A11FA2BB4724200F28AC0 /* ChessKit */,
				200A11FF2BB4B1B200F28AC0 /* ChessKitEngine */,
			);
			productName = ChessMaster;
			productReference = 202CD6A12B83A13F009FB1C0 /* ChessMaster.app */;
			productType = "com.apple.product-type.application";
		};
		202CD6B02B83A144009FB1C0 /* ChessMasterTests */ = {
			isa = PBXNativeTarget;
			buildConfigurationList = 202CD6C82B83A144009FB1C0 /* Build configuration list for PBXNativeTarget "ChessMasterTests" */;
			buildPhases = (
				202CD6AD2B83A144009FB1C0 /* Sources */,
				202CD6AE2B83A144009FB1C0 /* Frameworks */,
				202CD6AF2B83A144009FB1C0 /* Resources */,
			);
			buildRules = (
			);
			dependencies = (
				202CD6B32B83A144009FB1C0 /* PBXTargetDependency */,
			);
			name = ChessMasterTests;
			productName = ChessMasterTests;
			productReference = 202CD6B12B83A144009FB1C0 /* ChessMasterTests.xctest */;
			productType = "com.apple.product-type.bundle.unit-test";
		};
		202CD6BA2B83A144009FB1C0 /* ChessMasterUITests */ = {
			isa = PBXNativeTarget;
			buildConfigurationList = 202CD6CB2B83A144009FB1C0 /* Build configuration list for PBXNativeTarget "ChessMasterUITests" */;
			buildPhases = (
				202CD6B72B83A144009FB1C0 /* Sources */,
				202CD6B82B83A144009FB1C0 /* Frameworks */,
				202CD6B92B83A144009FB1C0 /* Resources */,
			);
			buildRules = (
			);
			dependencies = (
				202CD6BD2B83A144009FB1C0 /* PBXTargetDependency */,
			);
			name = ChessMasterUITests;
			productName = ChessMasterUITests;
			productReference = 202CD6BB2B83A144009FB1C0 /* ChessMasterUITests.xctest */;
			productType = "com.apple.product-type.bundle.ui-testing";
		};
/* End PBXNativeTarget section */

/* Begin PBXProject section */
		202CD6992B83A13F009FB1C0 /* Project object */ = {
			isa = PBXProject;
			attributes = {
				BuildIndependentTargetsInParallel = 1;
				LastSwiftUpdateCheck = 1520;
				LastUpgradeCheck = 1520;
				TargetAttributes = {
					202CD6A02B83A13F009FB1C0 = {
						CreatedOnToolsVersion = 15.2;
						LastSwiftMigration = 1530;
					};
					202CD6B02B83A144009FB1C0 = {
						CreatedOnToolsVersion = 15.2;
						TestTargetID = 202CD6A02B83A13F009FB1C0;
					};
					202CD6BA2B83A144009FB1C0 = {
						CreatedOnToolsVersion = 15.2;
						TestTargetID = 202CD6A02B83A13F009FB1C0;
					};
				};
			};
			buildConfigurationList = 202CD69C2B83A13F009FB1C0 /* Build configuration list for PBXProject "ChessMaster" */;
			compatibilityVersion = "Xcode 14.0";
			developmentRegion = en;
			hasScannedForEncodings = 0;
			knownRegions = (
				en,
				Base,
			);
			mainGroup = 202CD6982B83A13F009FB1C0;
			packageReferences = (
				200A11EE2BB1228900F28AC0 /* XCRemoteSwiftPackageReference "swift-chess" */,
				200A11F92BB4724200F28AC0 /* XCRemoteSwiftPackageReference "chesskit-swift" */,
				200A11FE2BB4B1B200F28AC0 /* XCRemoteSwiftPackageReference "chesskit-engine" */,
			);
			productRefGroup = 202CD6A22B83A13F009FB1C0 /* Products */;
			projectDirPath = "";
			projectRoot = "";
			targets = (
				202CD6A02B83A13F009FB1C0 /* ChessMaster */,
				202CD6B02B83A144009FB1C0 /* ChessMasterTests */,
				202CD6BA2B83A144009FB1C0 /* ChessMasterUITests */,
			);
		};
/* End PBXProject section */

/* Begin PBXResourcesBuildPhase section */
		202CD69F2B83A13F009FB1C0 /* Resources */ = {
			isa = PBXResourcesBuildPhase;
			buildActionMask = 2147483647;
			files = (
				202CD6AC2B83A143009FB1C0 /* Preview Assets.xcassets in Resources */,
				E1030E0E2BBA44BA001189E6 /* test.sqlite in Resources */,
				202CD6A92B83A143009FB1C0 /* Assets.xcassets in Resources */,
			);
			runOnlyForDeploymentPostprocessing = 0;
		};
		202CD6AF2B83A144009FB1C0 /* Resources */ = {
			isa = PBXResourcesBuildPhase;
			buildActionMask = 2147483647;
			files = (
			);
			runOnlyForDeploymentPostprocessing = 0;
		};
		202CD6B92B83A144009FB1C0 /* Resources */ = {
			isa = PBXResourcesBuildPhase;
			buildActionMask = 2147483647;
			files = (
			);
			runOnlyForDeploymentPostprocessing = 0;
		};
/* End PBXResourcesBuildPhase section */

/* Begin PBXSourcesBuildPhase section */
		202CD69D2B83A13F009FB1C0 /* Sources */ = {
			isa = PBXSourcesBuildPhase;
			buildActionMask = 2147483647;
			files = (
				200A11ED2BB1225600F28AC0 /* ChessView.swift in Sources */,
				200A11F52BB122C200F28AC0 /* LandingLoginView.swift in Sources */,
				372380AA2BB0F03C00B74B70 /* FinishGameView.swift in Sources */,
				202CD6CF2B864574009FB1C0 /* ReplayListView.swift in Sources */,
				37DD437D2B8F2C5300D59D9E /* NavigationPage2.swift in Sources */,
				372380AC2BB0F99400B74B70 /* GameSavingView.swift in Sources */,
				200A11F82BB45C2F00F28AC0 /* ChessSettingsView.swift in Sources */,
				200A11F42BB122C200F28AC0 /* ProfileView.swift in Sources */,
				200A11FD2BB478B300F28AC0 /* UCItoFENfunctions.swift in Sources */,
				E1030E082BB9C83F001189E6 /* db2.cpp in Sources */,
				200A11F62BB122C200F28AC0 /* PlayableView.swift in Sources */,
				37DD43832B94E57E00D59D9E /* ReplayTableView.swift in Sources */,
				202CD6A72B83A13F009FB1C0 /* ContentView.swift in Sources */,
				202CD6A52B83A13F009FB1C0 /* ChessMasterApp.swift in Sources */,
				E1030E0C2BB9CC1F001189E6 /* dbWrapper.mm in Sources */,
				E12255B72BBE2D4C0036B2D7 /* GlobalVariables.swift in Sources */,
				37DD43812B8F942A00D59D9E /* HomePage.swift in Sources */,
				37DD437F2B8F302500D59D9E /* ProgressPage.swift in Sources */,
			);
			runOnlyForDeploymentPostprocessing = 0;
		};
		202CD6AD2B83A144009FB1C0 /* Sources */ = {
			isa = PBXSourcesBuildPhase;
			buildActionMask = 2147483647;
			files = (
				202CD6B62B83A144009FB1C0 /* ChessMasterTests.swift in Sources */,
			);
			runOnlyForDeploymentPostprocessing = 0;
		};
		202CD6B72B83A144009FB1C0 /* Sources */ = {
			isa = PBXSourcesBuildPhase;
			buildActionMask = 2147483647;
			files = (
				202CD6C22B83A144009FB1C0 /* ChessMasterUITestsLaunchTests.swift in Sources */,
				202CD6C02B83A144009FB1C0 /* ChessMasterUITests.swift in Sources */,
			);
			runOnlyForDeploymentPostprocessing = 0;
		};
/* End PBXSourcesBuildPhase section */

/* Begin PBXTargetDependency section */
		202CD6B32B83A144009FB1C0 /* PBXTargetDependency */ = {
			isa = PBXTargetDependency;
			target = 202CD6A02B83A13F009FB1C0 /* ChessMaster */;
			targetProxy = 202CD6B22B83A144009FB1C0 /* PBXContainerItemProxy */;
		};
		202CD6BD2B83A144009FB1C0 /* PBXTargetDependency */ = {
			isa = PBXTargetDependency;
			target = 202CD6A02B83A13F009FB1C0 /* ChessMaster */;
			targetProxy = 202CD6BC2B83A144009FB1C0 /* PBXContainerItemProxy */;
		};
/* End PBXTargetDependency section */

/* Begin XCBuildConfiguration section */
		202CD6C32B83A144009FB1C0 /* Debug */ = {
			isa = XCBuildConfiguration;
			buildSettings = {
				ALWAYS_SEARCH_USER_PATHS = NO;
				ASSETCATALOG_COMPILER_GENERATE_SWIFT_ASSET_SYMBOL_EXTENSIONS = YES;
				CLANG_ANALYZER_NONNULL = YES;
				CLANG_ANALYZER_NUMBER_OBJECT_CONVERSION = YES_AGGRESSIVE;
				CLANG_CXX_LANGUAGE_STANDARD = "gnu++20";
				CLANG_ENABLE_MODULES = YES;
				CLANG_ENABLE_OBJC_ARC = YES;
				CLANG_ENABLE_OBJC_WEAK = YES;
				CLANG_WARN_BLOCK_CAPTURE_AUTORELEASING = YES;
				CLANG_WARN_BOOL_CONVERSION = YES;
				CLANG_WARN_COMMA = YES;
				CLANG_WARN_CONSTANT_CONVERSION = YES;
				CLANG_WARN_DEPRECATED_OBJC_IMPLEMENTATIONS = YES;
				CLANG_WARN_DIRECT_OBJC_ISA_USAGE = YES_ERROR;
				CLANG_WARN_DOCUMENTATION_COMMENTS = YES;
				CLANG_WARN_EMPTY_BODY = YES;
				CLANG_WARN_ENUM_CONVERSION = YES;
				CLANG_WARN_INFINITE_RECURSION = YES;
				CLANG_WARN_INT_CONVERSION = YES;
				CLANG_WARN_NON_LITERAL_NULL_CONVERSION = YES;
				CLANG_WARN_OBJC_IMPLICIT_RETAIN_SELF = YES;
				CLANG_WARN_OBJC_LITERAL_CONVERSION = YES;
				CLANG_WARN_OBJC_ROOT_CLASS = YES_ERROR;
				CLANG_WARN_QUOTED_INCLUDE_IN_FRAMEWORK_HEADER = YES;
				CLANG_WARN_RANGE_LOOP_ANALYSIS = YES;
				CLANG_WARN_STRICT_PROTOTYPES = YES;
				CLANG_WARN_SUSPICIOUS_MOVE = YES;
				CLANG_WARN_UNGUARDED_AVAILABILITY = YES_AGGRESSIVE;
				CLANG_WARN_UNREACHABLE_CODE = YES;
				CLANG_WARN__DUPLICATE_METHOD_MATCH = YES;
				COPY_PHASE_STRIP = NO;
				DEBUG_INFORMATION_FORMAT = dwarf;
				ENABLE_STRICT_OBJC_MSGSEND = YES;
				ENABLE_TESTABILITY = YES;
				ENABLE_USER_SCRIPT_SANDBOXING = YES;
				GCC_C_LANGUAGE_STANDARD = gnu17;
				GCC_DYNAMIC_NO_PIC = NO;
				GCC_NO_COMMON_BLOCKS = YES;
				GCC_OPTIMIZATION_LEVEL = 0;
				GCC_PREPROCESSOR_DEFINITIONS = (
					"DEBUG=1",
					"$(inherited)",
				);
				GCC_WARN_64_TO_32_BIT_CONVERSION = YES;
				GCC_WARN_ABOUT_RETURN_TYPE = YES_ERROR;
				GCC_WARN_UNDECLARED_SELECTOR = YES;
				GCC_WARN_UNINITIALIZED_AUTOS = YES_AGGRESSIVE;
				GCC_WARN_UNUSED_FUNCTION = YES;
				GCC_WARN_UNUSED_VARIABLE = YES;
				GENERATE_INFOPLIST_FILE = NO;
				INFOPLIST_FILE = "";
				IPHONEOS_DEPLOYMENT_TARGET = 17.2;
				LOCALIZATION_PREFERS_STRING_CATALOGS = YES;
				MTL_ENABLE_DEBUG_INFO = INCLUDE_SOURCE;
				MTL_FAST_MATH = YES;
				ONLY_ACTIVE_ARCH = YES;
				OTHER_LDFLAGS = "-lsqlite3";
				SDKROOT = iphoneos;
				SWIFT_ACTIVE_COMPILATION_CONDITIONS = "DEBUG $(inherited)";
				SWIFT_OPTIMIZATION_LEVEL = "-Onone";
			};
			name = Debug;
		};
		202CD6C42B83A144009FB1C0 /* Release */ = {
			isa = XCBuildConfiguration;
			buildSettings = {
				ALWAYS_SEARCH_USER_PATHS = NO;
				ASSETCATALOG_COMPILER_GENERATE_SWIFT_ASSET_SYMBOL_EXTENSIONS = YES;
				CLANG_ANALYZER_NONNULL = YES;
				CLANG_ANALYZER_NUMBER_OBJECT_CONVERSION = YES_AGGRESSIVE;
				CLANG_CXX_LANGUAGE_STANDARD = "gnu++20";
				CLANG_ENABLE_MODULES = YES;
				CLANG_ENABLE_OBJC_ARC = YES;
				CLANG_ENABLE_OBJC_WEAK = YES;
				CLANG_WARN_BLOCK_CAPTURE_AUTORELEASING = YES;
				CLANG_WARN_BOOL_CONVERSION = YES;
				CLANG_WARN_COMMA = YES;
				CLANG_WARN_CONSTANT_CONVERSION = YES;
				CLANG_WARN_DEPRECATED_OBJC_IMPLEMENTATIONS = YES;
				CLANG_WARN_DIRECT_OBJC_ISA_USAGE = YES_ERROR;
				CLANG_WARN_DOCUMENTATION_COMMENTS = YES;
				CLANG_WARN_EMPTY_BODY = YES;
				CLANG_WARN_ENUM_CONVERSION = YES;
				CLANG_WARN_INFINITE_RECURSION = YES;
				CLANG_WARN_INT_CONVERSION = YES;
				CLANG_WARN_NON_LITERAL_NULL_CONVERSION = YES;
				CLANG_WARN_OBJC_IMPLICIT_RETAIN_SELF = YES;
				CLANG_WARN_OBJC_LITERAL_CONVERSION = YES;
				CLANG_WARN_OBJC_ROOT_CLASS = YES_ERROR;
				CLANG_WARN_QUOTED_INCLUDE_IN_FRAMEWORK_HEADER = YES;
				CLANG_WARN_RANGE_LOOP_ANALYSIS = YES;
				CLANG_WARN_STRICT_PROTOTYPES = YES;
				CLANG_WARN_SUSPICIOUS_MOVE = YES;
				CLANG_WARN_UNGUARDED_AVAILABILITY = YES_AGGRESSIVE;
				CLANG_WARN_UNREACHABLE_CODE = YES;
				CLANG_WARN__DUPLICATE_METHOD_MATCH = YES;
				COPY_PHASE_STRIP = NO;
				DEBUG_INFORMATION_FORMAT = "dwarf-with-dsym";
				ENABLE_NS_ASSERTIONS = NO;
				ENABLE_STRICT_OBJC_MSGSEND = YES;
				ENABLE_USER_SCRIPT_SANDBOXING = YES;
				GCC_C_LANGUAGE_STANDARD = gnu17;
				GCC_NO_COMMON_BLOCKS = YES;
				GCC_WARN_64_TO_32_BIT_CONVERSION = YES;
				GCC_WARN_ABOUT_RETURN_TYPE = YES_ERROR;
				GCC_WARN_UNDECLARED_SELECTOR = YES;
				GCC_WARN_UNINITIALIZED_AUTOS = YES_AGGRESSIVE;
				GCC_WARN_UNUSED_FUNCTION = YES;
				GCC_WARN_UNUSED_VARIABLE = YES;
				GENERATE_INFOPLIST_FILE = NO;
				INFOPLIST_FILE = "";
				IPHONEOS_DEPLOYMENT_TARGET = 17.2;
				LOCALIZATION_PREFERS_STRING_CATALOGS = YES;
				MTL_ENABLE_DEBUG_INFO = NO;
				MTL_FAST_MATH = YES;
				OTHER_LDFLAGS = "-lsqlite3";
				SDKROOT = iphoneos;
				SWIFT_COMPILATION_MODE = wholemodule;
				VALIDATE_PRODUCT = YES;
			};
			name = Release;
		};
		202CD6C62B83A144009FB1C0 /* Debug */ = {
			isa = XCBuildConfiguration;
			buildSettings = {
				ASSETCATALOG_COMPILER_APPICON_NAME = AppIcon;
				ASSETCATALOG_COMPILER_GLOBAL_ACCENT_COLOR_NAME = AccentColor;
				CLANG_ENABLE_MODULES = YES;
				CODE_SIGN_STYLE = Automatic;
				CURRENT_PROJECT_VERSION = 1;
				DEVELOPMENT_ASSET_PATHS = "";
				DEVELOPMENT_TEAM = 7R72J9KMZA;
				ENABLE_PREVIEWS = YES;
				GENERATE_INFOPLIST_FILE = YES;
				INFOPLIST_FILE = "";
				INFOPLIST_KEY_NSCameraUsageDescription = "We would like to access your camera";
				INFOPLIST_KEY_UIApplicationSceneManifest_Generation = YES;
				INFOPLIST_KEY_UIApplicationSupportsIndirectInputEvents = YES;
				INFOPLIST_KEY_UILaunchScreen_Generation = YES;
				INFOPLIST_KEY_UISupportedInterfaceOrientations_iPad = "UIInterfaceOrientationPortrait UIInterfaceOrientationPortraitUpsideDown UIInterfaceOrientationLandscapeLeft UIInterfaceOrientationLandscapeRight";
				INFOPLIST_KEY_UISupportedInterfaceOrientations_iPhone = "UIInterfaceOrientationPortrait UIInterfaceOrientationLandscapeLeft UIInterfaceOrientationLandscapeRight";
				LD_RUNPATH_SEARCH_PATHS = (
					"$(inherited)",
					"@executable_path/Frameworks",
				);
				MARKETING_VERSION = 1.0;
				PRODUCT_BUNDLE_IDENTIFIER = tamu.ChessMaster.com;
				PRODUCT_NAME = "$(TARGET_NAME)";
				SWIFT_EMIT_LOC_STRINGS = YES;
				SWIFT_INCLUDE_PATHS = ./ChessMaster/db2.hpp;
				SWIFT_OBJC_BRIDGING_HEADER = "ChessMaster/ChessMaster-Bridging-Header.h";
				SWIFT_OBJC_INTEROP_MODE = objc;
				SWIFT_OPTIMIZATION_LEVEL = "-Onone";
				SWIFT_VERSION = 5.0;
				TARGETED_DEVICE_FAMILY = "1,2";
			};
			name = Debug;
		};
		202CD6C72B83A144009FB1C0 /* Release */ = {
			isa = XCBuildConfiguration;
			buildSettings = {
				ASSETCATALOG_COMPILER_APPICON_NAME = AppIcon;
				ASSETCATALOG_COMPILER_GLOBAL_ACCENT_COLOR_NAME = AccentColor;
				CLANG_ENABLE_MODULES = YES;
				CODE_SIGN_STYLE = Automatic;
				CURRENT_PROJECT_VERSION = 1;
				DEVELOPMENT_ASSET_PATHS = "";
				DEVELOPMENT_TEAM = 7R72J9KMZA;
				ENABLE_PREVIEWS = YES;
				GENERATE_INFOPLIST_FILE = YES;
				INFOPLIST_FILE = "";
				INFOPLIST_KEY_NSCameraUsageDescription = "We would like to access your camera";
				INFOPLIST_KEY_UIApplicationSceneManifest_Generation = YES;
				INFOPLIST_KEY_UIApplicationSupportsIndirectInputEvents = YES;
				INFOPLIST_KEY_UILaunchScreen_Generation = YES;
				INFOPLIST_KEY_UISupportedInterfaceOrientations_iPad = "UIInterfaceOrientationPortrait UIInterfaceOrientationPortraitUpsideDown UIInterfaceOrientationLandscapeLeft UIInterfaceOrientationLandscapeRight";
				INFOPLIST_KEY_UISupportedInterfaceOrientations_iPhone = "UIInterfaceOrientationPortrait UIInterfaceOrientationLandscapeLeft UIInterfaceOrientationLandscapeRight";
				LD_RUNPATH_SEARCH_PATHS = (
					"$(inherited)",
					"@executable_path/Frameworks",
				);
				MARKETING_VERSION = 1.0;
				PRODUCT_BUNDLE_IDENTIFIER = tamu.ChessMaster.com;
				PRODUCT_NAME = "$(TARGET_NAME)";
				SWIFT_EMIT_LOC_STRINGS = YES;
				SWIFT_INCLUDE_PATHS = ./ChessMaster/db2.hpp;
				SWIFT_OBJC_BRIDGING_HEADER = "ChessMaster/ChessMaster-Bridging-Header.h";
				SWIFT_OBJC_INTEROP_MODE = objc;
				SWIFT_VERSION = 5.0;
				TARGETED_DEVICE_FAMILY = "1,2";
			};
			name = Release;
		};
		202CD6C92B83A144009FB1C0 /* Debug */ = {
			isa = XCBuildConfiguration;
			buildSettings = {
				ALWAYS_EMBED_SWIFT_STANDARD_LIBRARIES = YES;
				BUNDLE_LOADER = "$(TEST_HOST)";
				CODE_SIGN_STYLE = Automatic;
				CURRENT_PROJECT_VERSION = 1;
				GENERATE_INFOPLIST_FILE = YES;
				IPHONEOS_DEPLOYMENT_TARGET = 17.2;
				MARKETING_VERSION = 1.0;
				PRODUCT_BUNDLE_IDENTIFIER = tamu.ChessMasterTests;
				PRODUCT_NAME = "$(TARGET_NAME)";
				SWIFT_EMIT_LOC_STRINGS = NO;
				SWIFT_VERSION = 5.0;
				TARGETED_DEVICE_FAMILY = "1,2";
				TEST_HOST = "$(BUILT_PRODUCTS_DIR)/ChessMaster.app/$(BUNDLE_EXECUTABLE_FOLDER_PATH)/ChessMaster";
			};
			name = Debug;
		};
		202CD6CA2B83A144009FB1C0 /* Release */ = {
			isa = XCBuildConfiguration;
			buildSettings = {
				ALWAYS_EMBED_SWIFT_STANDARD_LIBRARIES = YES;
				BUNDLE_LOADER = "$(TEST_HOST)";
				CODE_SIGN_STYLE = Automatic;
				CURRENT_PROJECT_VERSION = 1;
				GENERATE_INFOPLIST_FILE = YES;
				IPHONEOS_DEPLOYMENT_TARGET = 17.2;
				MARKETING_VERSION = 1.0;
				PRODUCT_BUNDLE_IDENTIFIER = tamu.ChessMasterTests;
				PRODUCT_NAME = "$(TARGET_NAME)";
				SWIFT_EMIT_LOC_STRINGS = NO;
				SWIFT_VERSION = 5.0;
				TARGETED_DEVICE_FAMILY = "1,2";
				TEST_HOST = "$(BUILT_PRODUCTS_DIR)/ChessMaster.app/$(BUNDLE_EXECUTABLE_FOLDER_PATH)/ChessMaster";
			};
			name = Release;
		};
		202CD6CC2B83A144009FB1C0 /* Debug */ = {
			isa = XCBuildConfiguration;
			buildSettings = {
				ALWAYS_EMBED_SWIFT_STANDARD_LIBRARIES = YES;
				CODE_SIGN_STYLE = Automatic;
				CURRENT_PROJECT_VERSION = 1;
				GENERATE_INFOPLIST_FILE = YES;
				MARKETING_VERSION = 1.0;
				PRODUCT_BUNDLE_IDENTIFIER = tamu.ChessMasterUITests;
				PRODUCT_NAME = "$(TARGET_NAME)";
				SWIFT_EMIT_LOC_STRINGS = NO;
				SWIFT_VERSION = 5.0;
				TARGETED_DEVICE_FAMILY = "1,2";
				TEST_TARGET_NAME = ChessMaster;
			};
			name = Debug;
		};
		202CD6CD2B83A144009FB1C0 /* Release */ = {
			isa = XCBuildConfiguration;
			buildSettings = {
				ALWAYS_EMBED_SWIFT_STANDARD_LIBRARIES = YES;
				CODE_SIGN_STYLE = Automatic;
				CURRENT_PROJECT_VERSION = 1;
				GENERATE_INFOPLIST_FILE = YES;
				MARKETING_VERSION = 1.0;
				PRODUCT_BUNDLE_IDENTIFIER = tamu.ChessMasterUITests;
				PRODUCT_NAME = "$(TARGET_NAME)";
				SWIFT_EMIT_LOC_STRINGS = NO;
				SWIFT_VERSION = 5.0;
				TARGETED_DEVICE_FAMILY = "1,2";
				TEST_TARGET_NAME = ChessMaster;
			};
			name = Release;
		};
/* End XCBuildConfiguration section */

/* Begin XCConfigurationList section */
		202CD69C2B83A13F009FB1C0 /* Build configuration list for PBXProject "ChessMaster" */ = {
			isa = XCConfigurationList;
			buildConfigurations = (
				202CD6C32B83A144009FB1C0 /* Debug */,
				202CD6C42B83A144009FB1C0 /* Release */,
			);
			defaultConfigurationIsVisible = 0;
			defaultConfigurationName = Release;
		};
		202CD6C52B83A144009FB1C0 /* Build configuration list for PBXNativeTarget "ChessMaster" */ = {
			isa = XCConfigurationList;
			buildConfigurations = (
				202CD6C62B83A144009FB1C0 /* Debug */,
				202CD6C72B83A144009FB1C0 /* Release */,
			);
			defaultConfigurationIsVisible = 0;
			defaultConfigurationName = Release;
		};
		202CD6C82B83A144009FB1C0 /* Build configuration list for PBXNativeTarget "ChessMasterTests" */ = {
			isa = XCConfigurationList;
			buildConfigurations = (
				202CD6C92B83A144009FB1C0 /* Debug */,
				202CD6CA2B83A144009FB1C0 /* Release */,
			);
			defaultConfigurationIsVisible = 0;
			defaultConfigurationName = Release;
		};
		202CD6CB2B83A144009FB1C0 /* Build configuration list for PBXNativeTarget "ChessMasterUITests" */ = {
			isa = XCConfigurationList;
			buildConfigurations = (
				202CD6CC2B83A144009FB1C0 /* Debug */,
				202CD6CD2B83A144009FB1C0 /* Release */,
			);
			defaultConfigurationIsVisible = 0;
			defaultConfigurationName = Release;
		};
/* End XCConfigurationList section */

/* Begin XCRemoteSwiftPackageReference section */
		200A11EE2BB1228900F28AC0 /* XCRemoteSwiftPackageReference "swift-chess" */ = {
			isa = XCRemoteSwiftPackageReference;
			repositoryURL = "https://github.com/dpedley/swift-chess.git";
			requirement = {
				kind = upToNextMajorVersion;
				minimumVersion = 1.0.8;
			};
		};
		200A11F92BB4724200F28AC0 /* XCRemoteSwiftPackageReference "chesskit-swift" */ = {
			isa = XCRemoteSwiftPackageReference;
			repositoryURL = "https://github.com/chesskit-app/chesskit-swift";
			requirement = {
				kind = upToNextMajorVersion;
				minimumVersion = 0.3.2;
			};
		};
		200A11FE2BB4B1B200F28AC0 /* XCRemoteSwiftPackageReference "chesskit-engine" */ = {
			isa = XCRemoteSwiftPackageReference;
			repositoryURL = "https://github.com/chesskit-app/chesskit-engine";
			requirement = {
				kind = upToNextMajorVersion;
				minimumVersion = 0.2.2;
			};
		};
/* End XCRemoteSwiftPackageReference section */

/* Begin XCSwiftPackageProductDependency section */
		200A11EF2BB1228900F28AC0 /* Chess */ = {
			isa = XCSwiftPackageProductDependency;
			package = 200A11EE2BB1228900F28AC0 /* XCRemoteSwiftPackageReference "swift-chess" */;
			productName = Chess;
		};
		200A11FA2BB4724200F28AC0 /* ChessKit */ = {
			isa = XCSwiftPackageProductDependency;
			package = 200A11F92BB4724200F28AC0 /* XCRemoteSwiftPackageReference "chesskit-swift" */;
			productName = ChessKit;
		};
		200A11FF2BB4B1B200F28AC0 /* ChessKitEngine */ = {
			isa = XCSwiftPackageProductDependency;
			package = 200A11FE2BB4B1B200F28AC0 /* XCRemoteSwiftPackageReference "chesskit-engine" */;
			productName = ChessKitEngine;
		};
/* End XCSwiftPackageProductDependency section */
	};
	rootObject = 202CD6992B83A13F009FB1C0 /* Project object */;
}
